// !$*UTF8*$!
{
	archiveVersion = 1;
	classes = {
	};
	objectVersion = 47;
	objects = {

/* Begin PBXBuildFile section */
		11200E751A7723BD0032A136 /* Simple.swift in Sources */ = {isa = PBXBuildFile; fileRef = 11200E741A7723BD0032A136 /* Simple.swift */; };
		11200E831A784D230032A136 /* Parsing.swift in Sources */ = {isa = PBXBuildFile; fileRef = 11200E821A784D230032A136 /* Parsing.swift */; };
		11200E871A7953120032A136 /* IO.swift in Sources */ = {isa = PBXBuildFile; fileRef = 11200E861A7953120032A136 /* IO.swift */; };
		11200E8B1A7958580032A136 /* NSFileHandleExt.h in Headers */ = {isa = PBXBuildFile; fileRef = 11200E891A7958580032A136 /* NSFileHandleExt.h */; settings = {ATTRIBUTES = (Public, ); }; };
		11200E8C1A7958580032A136 /* NSFileHandleExt.m in Sources */ = {isa = PBXBuildFile; fileRef = 11200E8A1A7958580032A136 /* NSFileHandleExt.m */; };
		11200E911A796D9F0032A136 /* Basic.swift in Sources */ = {isa = PBXBuildFile; fileRef = 11200E901A796D9F0032A136 /* Basic.swift */; };
		114E39471B7FC75B00EF9CB1 /* Swiftz.framework in Frameworks */ = {isa = PBXBuildFile; fileRef = 110A96D61B7D9449005667D4 /* Swiftz.framework */; };
		114E39481B7FC76100EF9CB1 /* Focus.framework in Frameworks */ = {isa = PBXBuildFile; fileRef = 116C60C31B7EC56C00DE8B29 /* Focus.framework */; };
		114E394B1B7FC77400EF9CB1 /* Swiftz.framework in Frameworks */ = {isa = PBXBuildFile; fileRef = 110A96D61B7D9449005667D4 /* Swiftz.framework */; };
		114E394E1B7FC78000EF9CB1 /* Focus.framework in Frameworks */ = {isa = PBXBuildFile; fileRef = 116C60C31B7EC56C00DE8B29 /* Focus.framework */; };
		11862D271A66392B008F5696 /* Proxy.swift in Sources */ = {isa = PBXBuildFile; fileRef = 11862D261A66392B008F5696 /* Proxy.swift */; };
		11862D2C1A670B0A008F5696 /* Core.swift in Sources */ = {isa = PBXBuildFile; fileRef = 11862D2B1A670B0A008F5696 /* Core.swift */; };
		11862D321A67316B008F5696 /* ProxyTests.swift in Sources */ = {isa = PBXBuildFile; fileRef = 11862D311A67316B008F5696 /* ProxyTests.swift */; };
		1186B05F1B7FCC9C00ADADAD /* Aquifer.framework in Frameworks */ = {isa = PBXBuildFile; fileRef = 11F0320B1B0BFF82004C6D59 /* Aquifer.framework */; };
		1186B0641B7FCD0300ADADAD /* Aquifer.framework in Frameworks */ = {isa = PBXBuildFile; fileRef = 11862CD11A65FF66008F5696 /* Aquifer.framework */; };
		1186B0651B7FCD4D00ADADAD /* SwiftCheck.framework in Frameworks */ = {isa = PBXBuildFile; fileRef = 114E393C1B7FC6F800EF9CB1 /* SwiftCheck.framework */; };
		1186B0661B7FCD5500ADADAD /* SwiftCheck.framework in Frameworks */ = {isa = PBXBuildFile; fileRef = 114E393C1B7FC6F800EF9CB1 /* SwiftCheck.framework */; };
		11A916DD1A6C7EFC007B4BBA /* Grouping.swift in Sources */ = {isa = PBXBuildFile; fileRef = 11A916DC1A6C7EFC007B4BBA /* Grouping.swift */; };
		11D195741A7B42260072F514 /* Auxiliary.swift in Sources */ = {isa = PBXBuildFile; fileRef = 11D195731A7B42260072F514 /* Auxiliary.swift */; };
		11F032281B0C00E6004C6D59 /* NSFileHandleExt.h in Headers */ = {isa = PBXBuildFile; fileRef = 11200E891A7958580032A136 /* NSFileHandleExt.h */; settings = {ATTRIBUTES = (Public, ); }; };
		11F032291B0C00EB004C6D59 /* NSFileHandleExt.m in Sources */ = {isa = PBXBuildFile; fileRef = 11200E8A1A7958580032A136 /* NSFileHandleExt.m */; };
		11F0322A1B0C00EF004C6D59 /* Proxy.swift in Sources */ = {isa = PBXBuildFile; fileRef = 11862D261A66392B008F5696 /* Proxy.swift */; };
		11F0322B1B0C00EF004C6D59 /* Simple.swift in Sources */ = {isa = PBXBuildFile; fileRef = 11200E741A7723BD0032A136 /* Simple.swift */; };
		11F0322C1B0C00EF004C6D59 /* Core.swift in Sources */ = {isa = PBXBuildFile; fileRef = 11862D2B1A670B0A008F5696 /* Core.swift */; };
		11F0322E1B0C00F8004C6D59 /* Auxiliary.swift in Sources */ = {isa = PBXBuildFile; fileRef = 11D195731A7B42260072F514 /* Auxiliary.swift */; };
		11F0322F1B0C00F8004C6D59 /* Grouping.swift in Sources */ = {isa = PBXBuildFile; fileRef = 11A916DC1A6C7EFC007B4BBA /* Grouping.swift */; };
		11F032301B0C00F8004C6D59 /* Parsing.swift in Sources */ = {isa = PBXBuildFile; fileRef = 11200E821A784D230032A136 /* Parsing.swift */; };
		11F032321B0C00F8004C6D59 /* IO.swift in Sources */ = {isa = PBXBuildFile; fileRef = 11200E861A7953120032A136 /* IO.swift */; };
		11F032331B0C00F8004C6D59 /* Basic.swift in Sources */ = {isa = PBXBuildFile; fileRef = 11200E901A796D9F0032A136 /* Basic.swift */; };
		11F032341B0C00FC004C6D59 /* ProxyTests.swift in Sources */ = {isa = PBXBuildFile; fileRef = 11862D311A67316B008F5696 /* ProxyTests.swift */; };
		11F032381B0C0179004C6D59 /* Aquifer.h in Headers */ = {isa = PBXBuildFile; fileRef = 11862CD61A65FF66008F5696 /* Aquifer.h */; settings = {ATTRIBUTES = (Public, ); }; };
		11F032391B0C017B004C6D59 /* Aquifer.h in Headers */ = {isa = PBXBuildFile; fileRef = 11862CD61A65FF66008F5696 /* Aquifer.h */; settings = {ATTRIBUTES = (Public, ); }; };
		8240CEBE1C3A4C4700EF4D29 /* Aquifer.h in Headers */ = {isa = PBXBuildFile; fileRef = 11862CD61A65FF66008F5696 /* Aquifer.h */; settings = {ATTRIBUTES = (Public, ); }; };
		8240CEBF1C3A4C4B00EF4D29 /* Aquifer.h in Headers */ = {isa = PBXBuildFile; fileRef = 11862CD61A65FF66008F5696 /* Aquifer.h */; settings = {ATTRIBUTES = (Public, ); }; };
		8240CEC01C3A4C5300EF4D29 /* Proxy.swift in Sources */ = {isa = PBXBuildFile; fileRef = 11862D261A66392B008F5696 /* Proxy.swift */; };
		8240CEC11C3A4C5300EF4D29 /* Simple.swift in Sources */ = {isa = PBXBuildFile; fileRef = 11200E741A7723BD0032A136 /* Simple.swift */; };
		8240CEC21C3A4C5300EF4D29 /* Core.swift in Sources */ = {isa = PBXBuildFile; fileRef = 11862D2B1A670B0A008F5696 /* Core.swift */; };
		8240CEC31C3A4C5300EF4D29 /* PipesOperators.swift in Sources */ = {isa = PBXBuildFile; fileRef = 82F3176C1B81220C007B80E2 /* PipesOperators.swift */; };
		8240CEC51C3A4C5300EF4D29 /* Auxiliary.swift in Sources */ = {isa = PBXBuildFile; fileRef = 11D195731A7B42260072F514 /* Auxiliary.swift */; };
		8240CEC61C3A4C5300EF4D29 /* Grouping.swift in Sources */ = {isa = PBXBuildFile; fileRef = 11A916DC1A6C7EFC007B4BBA /* Grouping.swift */; };
		8240CEC71C3A4C5300EF4D29 /* Parsing.swift in Sources */ = {isa = PBXBuildFile; fileRef = 11200E821A784D230032A136 /* Parsing.swift */; };
		8240CEC81C3A4C5300EF4D29 /* IO.swift in Sources */ = {isa = PBXBuildFile; fileRef = 11200E861A7953120032A136 /* IO.swift */; };
		8240CEC91C3A4C5300EF4D29 /* Basic.swift in Sources */ = {isa = PBXBuildFile; fileRef = 11200E901A796D9F0032A136 /* Basic.swift */; };
		8240CECB1C3A4C5B00EF4D29 /* NSFileHandleExt.m in Sources */ = {isa = PBXBuildFile; fileRef = 11200E8A1A7958580032A136 /* NSFileHandleExt.m */; };
		8240CECC1C3A4C5B00EF4D29 /* Proxy.swift in Sources */ = {isa = PBXBuildFile; fileRef = 11862D261A66392B008F5696 /* Proxy.swift */; };
		8240CECD1C3A4C5B00EF4D29 /* Simple.swift in Sources */ = {isa = PBXBuildFile; fileRef = 11200E741A7723BD0032A136 /* Simple.swift */; };
		8240CECE1C3A4C5B00EF4D29 /* Core.swift in Sources */ = {isa = PBXBuildFile; fileRef = 11862D2B1A670B0A008F5696 /* Core.swift */; };
		8240CECF1C3A4C5B00EF4D29 /* PipesOperators.swift in Sources */ = {isa = PBXBuildFile; fileRef = 82F3176C1B81220C007B80E2 /* PipesOperators.swift */; };
		8240CED11C3A4C5B00EF4D29 /* Auxiliary.swift in Sources */ = {isa = PBXBuildFile; fileRef = 11D195731A7B42260072F514 /* Auxiliary.swift */; };
		8240CED21C3A4C5B00EF4D29 /* Grouping.swift in Sources */ = {isa = PBXBuildFile; fileRef = 11A916DC1A6C7EFC007B4BBA /* Grouping.swift */; };
		8240CED31C3A4C5B00EF4D29 /* Parsing.swift in Sources */ = {isa = PBXBuildFile; fileRef = 11200E821A784D230032A136 /* Parsing.swift */; };
		8240CED41C3A4C5B00EF4D29 /* IO.swift in Sources */ = {isa = PBXBuildFile; fileRef = 11200E861A7953120032A136 /* IO.swift */; };
		8240CED51C3A4C5B00EF4D29 /* Basic.swift in Sources */ = {isa = PBXBuildFile; fileRef = 11200E901A796D9F0032A136 /* Basic.swift */; };
		8240CED61C3A4C6500EF4D29 /* NSFileHandleExt.m in Sources */ = {isa = PBXBuildFile; fileRef = 11200E8A1A7958580032A136 /* NSFileHandleExt.m */; };
		8240CED71C3A4C6E00EF4D29 /* NSFileHandleExt.h in Headers */ = {isa = PBXBuildFile; fileRef = 11200E891A7958580032A136 /* NSFileHandleExt.h */; settings = {ATTRIBUTES = (Public, ); }; };
		8240CED81C3A4C7100EF4D29 /* NSFileHandleExt.h in Headers */ = {isa = PBXBuildFile; fileRef = 11200E891A7958580032A136 /* NSFileHandleExt.h */; settings = {ATTRIBUTES = (Public, ); }; };
		8240CED91C3A4C8B00EF4D29 /* ProxyTests.swift in Sources */ = {isa = PBXBuildFile; fileRef = 11862D311A67316B008F5696 /* ProxyTests.swift */; };
		8240CEDA1C3A4C8B00EF4D29 /* TestDefs.swift in Sources */ = {isa = PBXBuildFile; fileRef = 82F317451B80335E007B80E2 /* TestDefs.swift */; };
		8240CEDD1C3A4CA400EF4D29 /* Aquifer.framework in Frameworks */ = {isa = PBXBuildFile; fileRef = 11F0320B1B0BFF82004C6D59 /* Aquifer.framework */; };
		8240CEE21C3A4D1100EF4D29 /* Focus.framework in Frameworks */ = {isa = PBXBuildFile; fileRef = 116C60C31B7EC56C00DE8B29 /* Focus.framework */; };
		8240CEE31C3A4D1100EF4D29 /* Swiftz.framework in Frameworks */ = {isa = PBXBuildFile; fileRef = 110A96D61B7D9449005667D4 /* Swiftz.framework */; };
		8240CEE91C3A4D2300EF4D29 /* Focus.framework in Frameworks */ = {isa = PBXBuildFile; fileRef = 116C60C31B7EC56C00DE8B29 /* Focus.framework */; };
		8240CEEA1C3A4D3700EF4D29 /* Swiftz.framework in Frameworks */ = {isa = PBXBuildFile; fileRef = 110A96D61B7D9449005667D4 /* Swiftz.framework */; };
		82BA103D1D76864F0041DCDA /* FocusedParsing.swift in Sources */ = {isa = PBXBuildFile; fileRef = 82BA103C1D76864F0041DCDA /* FocusedParsing.swift */; };
		82BA10471D76867C0041DCDA /* FocusedParsing.swift in Sources */ = {isa = PBXBuildFile; fileRef = 82BA103C1D76864F0041DCDA /* FocusedParsing.swift */; };
		82BA10481D76867C0041DCDA /* FocusedParsing.swift in Sources */ = {isa = PBXBuildFile; fileRef = 82BA103C1D76864F0041DCDA /* FocusedParsing.swift */; };
		82BA104A1D76867D0041DCDA /* FocusedParsing.swift in Sources */ = {isa = PBXBuildFile; fileRef = 82BA103C1D76864F0041DCDA /* FocusedParsing.swift */; };
		82F317461B80335E007B80E2 /* TestDefs.swift in Sources */ = {isa = PBXBuildFile; fileRef = 82F317451B80335E007B80E2 /* TestDefs.swift */; };
		82F317471B80335E007B80E2 /* TestDefs.swift in Sources */ = {isa = PBXBuildFile; fileRef = 82F317451B80335E007B80E2 /* TestDefs.swift */; };
		82F3176D1B81220C007B80E2 /* PipesOperators.swift in Sources */ = {isa = PBXBuildFile; fileRef = 82F3176C1B81220C007B80E2 /* PipesOperators.swift */; };
		82F3176E1B81220C007B80E2 /* PipesOperators.swift in Sources */ = {isa = PBXBuildFile; fileRef = 82F3176C1B81220C007B80E2 /* PipesOperators.swift */; };
/* End PBXBuildFile section */

/* Begin PBXContainerItemProxy section */
		110A96D51B7D9449005667D4 /* PBXContainerItemProxy */ = {
			isa = PBXContainerItemProxy;
			containerPortal = 110A96CD1B7D9447005667D4 /* Swiftz.xcodeproj */;
			proxyType = 2;
			remoteGlobalIDString = 84A88F981A71DF7F003D53CF;
			remoteInfo = Swiftz;
		};
		110A96D71B7D9449005667D4 /* PBXContainerItemProxy */ = {
			isa = PBXContainerItemProxy;
			containerPortal = 110A96CD1B7D9447005667D4 /* Swiftz.xcodeproj */;
			proxyType = 2;
			remoteGlobalIDString = 84A88FA31A71DF7F003D53CF;
			remoteInfo = SwiftzTests;
		};
		110A96D91B7D9449005667D4 /* PBXContainerItemProxy */ = {
			isa = PBXContainerItemProxy;
			containerPortal = 110A96CD1B7D9447005667D4 /* Swiftz.xcodeproj */;
			proxyType = 2;
			remoteGlobalIDString = 84DF751E1B0BD17700C912B0;
			remoteInfo = "Swiftz-iOS";
		};
		110A96DB1B7D9449005667D4 /* PBXContainerItemProxy */ = {
			isa = PBXContainerItemProxy;
			containerPortal = 110A96CD1B7D9447005667D4 /* Swiftz.xcodeproj */;
			proxyType = 2;
			remoteGlobalIDString = 84DF75281B0BD17700C912B0;
			remoteInfo = "Swiftz-iOSTests";
		};
		114E393B1B7FC6F800EF9CB1 /* PBXContainerItemProxy */ = {
			isa = PBXContainerItemProxy;
			containerPortal = 114E39341B7FC6F700EF9CB1 /* SwiftCheck.xcodeproj */;
			proxyType = 2;
			remoteGlobalIDString = 844FCC8D198B320500EB242A;
			remoteInfo = SwiftCheck;
		};
		114E393D1B7FC6F800EF9CB1 /* PBXContainerItemProxy */ = {
			isa = PBXContainerItemProxy;
			containerPortal = 114E39341B7FC6F700EF9CB1 /* SwiftCheck.xcodeproj */;
			proxyType = 2;
			remoteGlobalIDString = 844FCC98198B320500EB242A;
			remoteInfo = SwiftCheckTests;
		};
		114E393F1B7FC6F800EF9CB1 /* PBXContainerItemProxy */ = {
			isa = PBXContainerItemProxy;
			containerPortal = 114E39341B7FC6F700EF9CB1 /* SwiftCheck.xcodeproj */;
			proxyType = 2;
			remoteGlobalIDString = 84DF75F81B0BD54600C912B0;
			remoteInfo = "SwiftCheck-iOS";
		};
		114E39411B7FC6F800EF9CB1 /* PBXContainerItemProxy */ = {
			isa = PBXContainerItemProxy;
			containerPortal = 114E39341B7FC6F700EF9CB1 /* SwiftCheck.xcodeproj */;
			proxyType = 2;
			remoteGlobalIDString = 84DF76021B0BD54600C912B0;
			remoteInfo = "SwiftCheck-iOSTests";
		};
		114E39431B7FC71300EF9CB1 /* PBXContainerItemProxy */ = {
			isa = PBXContainerItemProxy;
			containerPortal = 110A96CD1B7D9447005667D4 /* Swiftz.xcodeproj */;
			proxyType = 1;
			remoteGlobalIDString = 84A88F971A71DF7F003D53CF;
			remoteInfo = Swiftz;
		};
		114E39451B7FC71600EF9CB1 /* PBXContainerItemProxy */ = {
			isa = PBXContainerItemProxy;
			containerPortal = 116C60AB1B7EC55300DE8B29 /* Focus.xcodeproj */;
			proxyType = 1;
			remoteGlobalIDString = 824B45F41B460AC1009AAF49;
			remoteInfo = Focus;
		};
		114E39491B7FC76B00EF9CB1 /* PBXContainerItemProxy */ = {
			isa = PBXContainerItemProxy;
			containerPortal = 110A96CD1B7D9447005667D4 /* Swiftz.xcodeproj */;
			proxyType = 1;
			remoteGlobalIDString = 84DF751D1B0BD17700C912B0;
			remoteInfo = "Swiftz-iOS";
		};
		114E394C1B7FC77A00EF9CB1 /* PBXContainerItemProxy */ = {
			isa = PBXContainerItemProxy;
			containerPortal = 116C60AB1B7EC55300DE8B29 /* Focus.xcodeproj */;
			proxyType = 1;
			remoteGlobalIDString = 824B46131B460AFA009AAF49;
			remoteInfo = "Focus-iOS";
		};
		116C60C21B7EC56C00DE8B29 /* PBXContainerItemProxy */ = {
			isa = PBXContainerItemProxy;
			containerPortal = 116C60AB1B7EC55300DE8B29 /* Focus.xcodeproj */;
			proxyType = 2;
			remoteGlobalIDString = 824B45F51B460AC1009AAF49;
			remoteInfo = Focus;
		};
		116C60C41B7EC56C00DE8B29 /* PBXContainerItemProxy */ = {
			isa = PBXContainerItemProxy;
			containerPortal = 116C60AB1B7EC55300DE8B29 /* Focus.xcodeproj */;
			proxyType = 2;
			remoteGlobalIDString = 824B45FF1B460AC1009AAF49;
			remoteInfo = FocusTests;
		};
		116C60C61B7EC56C00DE8B29 /* PBXContainerItemProxy */ = {
			isa = PBXContainerItemProxy;
			containerPortal = 116C60AB1B7EC55300DE8B29 /* Focus.xcodeproj */;
			proxyType = 2;
			remoteGlobalIDString = 824B46141B460AFA009AAF49;
			remoteInfo = "Focus-iOS";
		};
		116C60C81B7EC56C00DE8B29 /* PBXContainerItemProxy */ = {
			isa = PBXContainerItemProxy;
			containerPortal = 116C60AB1B7EC55300DE8B29 /* Focus.xcodeproj */;
			proxyType = 2;
			remoteGlobalIDString = 824B461D1B460AFA009AAF49;
			remoteInfo = "Focus-iOSTests";
		};
		1186B04E1B7FCC6000ADADAD /* PBXContainerItemProxy */ = {
			isa = PBXContainerItemProxy;
			containerPortal = 11862CC81A65FF66008F5696 /* Project object */;
			proxyType = 1;
			remoteGlobalIDString = 11862CD01A65FF66008F5696;
			remoteInfo = Aquifer;
		};
		1186B0581B7FCC6500ADADAD /* PBXContainerItemProxy */ = {
			isa = PBXContainerItemProxy;
			containerPortal = 114E39341B7FC6F700EF9CB1 /* SwiftCheck.xcodeproj */;
			proxyType = 1;
			remoteGlobalIDString = 844FCC8C198B320500EB242A;
			remoteInfo = SwiftCheck;
		};
		1186B05A1B7FCC7C00ADADAD /* PBXContainerItemProxy */ = {
			isa = PBXContainerItemProxy;
			containerPortal = 11862CC81A65FF66008F5696 /* Project object */;
			proxyType = 1;
			remoteGlobalIDString = 11F0320A1B0BFF82004C6D59;
			remoteInfo = "Aquifer-iOS";
		};
		1186B05C1B7FCC8200ADADAD /* PBXContainerItemProxy */ = {
			isa = PBXContainerItemProxy;
			containerPortal = 114E39341B7FC6F700EF9CB1 /* SwiftCheck.xcodeproj */;
			proxyType = 1;
			remoteGlobalIDString = 84DF75F71B0BD54600C912B0;
			remoteInfo = "SwiftCheck-iOS";
		};
		8240CE871C3A4C2D00EF4D29 /* PBXContainerItemProxy */ = {
			isa = PBXContainerItemProxy;
			containerPortal = 11862CC81A65FF66008F5696 /* Project object */;
			proxyType = 1;
			remoteGlobalIDString = 8240CE7B1C3A4C2D00EF4D29;
			remoteInfo = "Aquifer-tvOS";
		};
		8240CE961C3A4C2D00EF4D29 /* PBXContainerItemProxy */ = {
			isa = PBXContainerItemProxy;
			containerPortal = 116C60AB1B7EC55300DE8B29 /* Focus.xcodeproj */;
			proxyType = 2;
			remoteGlobalIDString = 8240CE391C3A47AC00EF4D29;
			remoteInfo = "Focus-tvOS";
		};
		8240CE981C3A4C2D00EF4D29 /* PBXContainerItemProxy */ = {
			isa = PBXContainerItemProxy;
			containerPortal = 116C60AB1B7EC55300DE8B29 /* Focus.xcodeproj */;
			proxyType = 2;
			remoteGlobalIDString = 8240CE421C3A47AC00EF4D29;
			remoteInfo = "Focus-tvOSTests";
		};
		8240CE9A1C3A4C2D00EF4D29 /* PBXContainerItemProxy */ = {
			isa = PBXContainerItemProxy;
			containerPortal = 116C60AB1B7EC55300DE8B29 /* Focus.xcodeproj */;
			proxyType = 2;
			remoteGlobalIDString = 8240CE241C3A47A500EF4D29;
			remoteInfo = "Focus-watchOS";
		};
		8240CEA01C3A4C2D00EF4D29 /* PBXContainerItemProxy */ = {
			isa = PBXContainerItemProxy;
			containerPortal = 114E39341B7FC6F700EF9CB1 /* SwiftCheck.xcodeproj */;
			proxyType = 2;
			remoteGlobalIDString = 8240CCB11C3A123600EF4D29;
			remoteInfo = "SwiftCheck-tvOS";
		};
		8240CEA21C3A4C2D00EF4D29 /* PBXContainerItemProxy */ = {
			isa = PBXContainerItemProxy;
			containerPortal = 114E39341B7FC6F700EF9CB1 /* SwiftCheck.xcodeproj */;
			proxyType = 2;
			remoteGlobalIDString = 8240CCBA1C3A123700EF4D29;
			remoteInfo = "SwiftCheck-tvOSTests";
		};
		8240CEA91C3A4C2D00EF4D29 /* PBXContainerItemProxy */ = {
			isa = PBXContainerItemProxy;
			containerPortal = 110A96CD1B7D9447005667D4 /* Swiftz.xcodeproj */;
			proxyType = 2;
			remoteGlobalIDString = 8240CD1C1C3A395F00EF4D29;
			remoteInfo = "Swiftz-tvOS";
		};
		8240CEAB1C3A4C2D00EF4D29 /* PBXContainerItemProxy */ = {
			isa = PBXContainerItemProxy;
			containerPortal = 110A96CD1B7D9447005667D4 /* Swiftz.xcodeproj */;
			proxyType = 2;
			remoteGlobalIDString = 8240CD251C3A396000EF4D29;
			remoteInfo = "Swiftz-tvOSTests";
		};
		8240CEAD1C3A4C2D00EF4D29 /* PBXContainerItemProxy */ = {
			isa = PBXContainerItemProxy;
			containerPortal = 110A96CD1B7D9447005667D4 /* Swiftz.xcodeproj */;
			proxyType = 2;
			remoteGlobalIDString = 8240CDD81C3A41F000EF4D29;
			remoteInfo = "Swiftz-watchOS";
		};
		8240CEDB1C3A4C9B00EF4D29 /* PBXContainerItemProxy */ = {
			isa = PBXContainerItemProxy;
			containerPortal = 114E39341B7FC6F700EF9CB1 /* SwiftCheck.xcodeproj */;
			proxyType = 1;
			remoteGlobalIDString = 8240CCB01C3A123600EF4D29;
			remoteInfo = "SwiftCheck-tvOS";
		};
		8240CEDE1C3A4D0300EF4D29 /* PBXContainerItemProxy */ = {
			isa = PBXContainerItemProxy;
			containerPortal = 110A96CD1B7D9447005667D4 /* Swiftz.xcodeproj */;
			proxyType = 1;
			remoteGlobalIDString = 8240CD1B1C3A395F00EF4D29;
			remoteInfo = "Swiftz-tvOS";
		};
		8240CEE01C3A4D0300EF4D29 /* PBXContainerItemProxy */ = {
			isa = PBXContainerItemProxy;
			containerPortal = 116C60AB1B7EC55300DE8B29 /* Focus.xcodeproj */;
			proxyType = 1;
			remoteGlobalIDString = 8240CE381C3A47AC00EF4D29;
			remoteInfo = "Focus-tvOS";
		};
		8240CEE41C3A4D1A00EF4D29 /* PBXContainerItemProxy */ = {
			isa = PBXContainerItemProxy;
			containerPortal = 110A96CD1B7D9447005667D4 /* Swiftz.xcodeproj */;
			proxyType = 1;
			remoteGlobalIDString = 8240CDD71C3A41F000EF4D29;
			remoteInfo = "Swiftz-watchOS";
		};
		8240CEE61C3A4D1A00EF4D29 /* PBXContainerItemProxy */ = {
			isa = PBXContainerItemProxy;
			containerPortal = 116C60AB1B7EC55300DE8B29 /* Focus.xcodeproj */;
			proxyType = 1;
			remoteGlobalIDString = 8240CE231C3A47A500EF4D29;
			remoteInfo = "Focus-watchOS";
		};
/* End PBXContainerItemProxy section */

/* Begin PBXFileReference section */
		110A96CD1B7D9447005667D4 /* Swiftz.xcodeproj */ = {isa = PBXFileReference; lastKnownFileType = "wrapper.pb-project"; name = Swiftz.xcodeproj; path = Carthage/Checkouts/swiftz/Swiftz.xcodeproj; sourceTree = "<group>"; };
		11200E741A7723BD0032A136 /* Simple.swift */ = {isa = PBXFileReference; fileEncoding = 4; lastKnownFileType = sourcecode.swift; path = Simple.swift; sourceTree = "<group>"; usesTabs = 1; };
		11200E821A784D230032A136 /* Parsing.swift */ = {isa = PBXFileReference; fileEncoding = 4; lastKnownFileType = sourcecode.swift; path = Parsing.swift; sourceTree = "<group>"; usesTabs = 1; };
		11200E861A7953120032A136 /* IO.swift */ = {isa = PBXFileReference; fileEncoding = 4; lastKnownFileType = sourcecode.swift; path = IO.swift; sourceTree = "<group>"; usesTabs = 1; };
		11200E891A7958580032A136 /* NSFileHandleExt.h */ = {isa = PBXFileReference; fileEncoding = 4; lastKnownFileType = sourcecode.c.h; path = NSFileHandleExt.h; sourceTree = "<group>"; usesTabs = 1; };
		11200E8A1A7958580032A136 /* NSFileHandleExt.m */ = {isa = PBXFileReference; fileEncoding = 4; lastKnownFileType = sourcecode.c.objc; path = NSFileHandleExt.m; sourceTree = "<group>"; usesTabs = 1; };
		11200E901A796D9F0032A136 /* Basic.swift */ = {isa = PBXFileReference; fileEncoding = 4; lastKnownFileType = sourcecode.swift; path = Basic.swift; sourceTree = "<group>"; usesTabs = 1; };
		114E39171B7FA6C500EF9CB1 /* Cartfile.private */ = {isa = PBXFileReference; fileEncoding = 4; lastKnownFileType = text; path = Cartfile.private; sourceTree = "<group>"; usesTabs = 1; };
		114E39341B7FC6F700EF9CB1 /* SwiftCheck.xcodeproj */ = {isa = PBXFileReference; lastKnownFileType = "wrapper.pb-project"; name = SwiftCheck.xcodeproj; path = Carthage/Checkouts/SwiftCheck/SwiftCheck.xcodeproj; sourceTree = "<group>"; };
		116C60AB1B7EC55300DE8B29 /* Focus.xcodeproj */ = {isa = PBXFileReference; lastKnownFileType = "wrapper.pb-project"; name = Focus.xcodeproj; path = Carthage/Checkouts/Focus/Focus.xcodeproj; sourceTree = "<group>"; };
		11862CD11A65FF66008F5696 /* Aquifer.framework */ = {isa = PBXFileReference; explicitFileType = wrapper.framework; includeInIndex = 0; path = Aquifer.framework; sourceTree = BUILT_PRODUCTS_DIR; };
		11862CD51A65FF66008F5696 /* Info.plist */ = {isa = PBXFileReference; lastKnownFileType = text.plist.xml; path = Info.plist; sourceTree = "<group>"; };
		11862CD61A65FF66008F5696 /* Aquifer.h */ = {isa = PBXFileReference; lastKnownFileType = sourcecode.objj.h; path = Aquifer.h; sourceTree = "<group>"; usesTabs = 1; };
		11862CDC1A65FF66008F5696 /* AquiferTests.xctest */ = {isa = PBXFileReference; explicitFileType = wrapper.cfbundle; includeInIndex = 0; path = AquiferTests.xctest; sourceTree = BUILT_PRODUCTS_DIR; };
		11862CE21A65FF66008F5696 /* Info.plist */ = {isa = PBXFileReference; lastKnownFileType = text.plist.xml; path = Info.plist; sourceTree = "<group>"; };
		11862CF01A660E37008F5696 /* Cartfile */ = {isa = PBXFileReference; fileEncoding = 4; lastKnownFileType = text; path = Cartfile; sourceTree = "<group>"; usesTabs = 1; };
		11862D261A66392B008F5696 /* Proxy.swift */ = {isa = PBXFileReference; fileEncoding = 4; lastKnownFileType = sourcecode.swift; path = Proxy.swift; sourceTree = "<group>"; usesTabs = 1; };
		11862D2B1A670B0A008F5696 /* Core.swift */ = {isa = PBXFileReference; fileEncoding = 4; lastKnownFileType = sourcecode.swift; path = Core.swift; sourceTree = "<group>"; usesTabs = 1; };
		11862D311A67316B008F5696 /* ProxyTests.swift */ = {isa = PBXFileReference; fileEncoding = 4; lastKnownFileType = sourcecode.swift; path = ProxyTests.swift; sourceTree = "<group>"; usesTabs = 1; };
		11862D3B1A673B5D008F5696 /* README.md */ = {isa = PBXFileReference; lastKnownFileType = net.daringfireball.markdown; path = README.md; sourceTree = "<group>"; };
		11A916DC1A6C7EFC007B4BBA /* Grouping.swift */ = {isa = PBXFileReference; fileEncoding = 4; lastKnownFileType = sourcecode.swift; path = Grouping.swift; sourceTree = "<group>"; usesTabs = 1; };
		11D195731A7B42260072F514 /* Auxiliary.swift */ = {isa = PBXFileReference; fileEncoding = 4; lastKnownFileType = sourcecode.swift; path = Auxiliary.swift; sourceTree = "<group>"; usesTabs = 1; };
		11F0320B1B0BFF82004C6D59 /* Aquifer.framework */ = {isa = PBXFileReference; explicitFileType = wrapper.framework; includeInIndex = 0; path = Aquifer.framework; sourceTree = BUILT_PRODUCTS_DIR; };
		11F032151B0BFF82004C6D59 /* AquiferTests.xctest */ = {isa = PBXFileReference; explicitFileType = wrapper.cfbundle; includeInIndex = 0; path = AquiferTests.xctest; sourceTree = BUILT_PRODUCTS_DIR; };
		8240CE7C1C3A4C2D00EF4D29 /* Aquifer.framework */ = {isa = PBXFileReference; explicitFileType = wrapper.framework; includeInIndex = 0; path = Aquifer.framework; sourceTree = BUILT_PRODUCTS_DIR; };
		8240CE851C3A4C2D00EF4D29 /* Aquifer-tvOSTests.xctest */ = {isa = PBXFileReference; explicitFileType = wrapper.cfbundle; includeInIndex = 0; path = "Aquifer-tvOSTests.xctest"; sourceTree = BUILT_PRODUCTS_DIR; };
		8240CEB61C3A4C3600EF4D29 /* Aquifer.framework */ = {isa = PBXFileReference; explicitFileType = wrapper.framework; includeInIndex = 0; path = Aquifer.framework; sourceTree = BUILT_PRODUCTS_DIR; };
		82BA103C1D76864F0041DCDA /* FocusedParsing.swift */ = {isa = PBXFileReference; fileEncoding = 4; lastKnownFileType = sourcecode.swift; path = FocusedParsing.swift; sourceTree = "<group>"; };
		82F317451B80335E007B80E2 /* TestDefs.swift */ = {isa = PBXFileReference; fileEncoding = 4; lastKnownFileType = sourcecode.swift; path = TestDefs.swift; sourceTree = "<group>"; usesTabs = 1; };
		82F3176C1B81220C007B80E2 /* PipesOperators.swift */ = {isa = PBXFileReference; fileEncoding = 4; lastKnownFileType = sourcecode.swift; path = PipesOperators.swift; sourceTree = "<group>"; usesTabs = 1; };
/* End PBXFileReference section */

/* Begin PBXFrameworksBuildPhase section */
		11862CCD1A65FF66008F5696 /* Frameworks */ = {
			isa = PBXFrameworksBuildPhase;
			buildActionMask = 2147483647;
			files = (
				114E39471B7FC75B00EF9CB1 /* Swiftz.framework in Frameworks */,
				114E39481B7FC76100EF9CB1 /* Focus.framework in Frameworks */,
			);
			runOnlyForDeploymentPostprocessing = 0;
		};
		11862CD91A65FF66008F5696 /* Frameworks */ = {
			isa = PBXFrameworksBuildPhase;
			buildActionMask = 2147483647;
			files = (
				1186B0651B7FCD4D00ADADAD /* SwiftCheck.framework in Frameworks */,
				1186B0641B7FCD0300ADADAD /* Aquifer.framework in Frameworks */,
			);
			runOnlyForDeploymentPostprocessing = 0;
		};
		11F032071B0BFF82004C6D59 /* Frameworks */ = {
			isa = PBXFrameworksBuildPhase;
			buildActionMask = 2147483647;
			files = (
				114E394B1B7FC77400EF9CB1 /* Swiftz.framework in Frameworks */,
				114E394E1B7FC78000EF9CB1 /* Focus.framework in Frameworks */,
			);
			runOnlyForDeploymentPostprocessing = 0;
		};
		11F032121B0BFF82004C6D59 /* Frameworks */ = {
			isa = PBXFrameworksBuildPhase;
			buildActionMask = 2147483647;
			files = (
				1186B0661B7FCD5500ADADAD /* SwiftCheck.framework in Frameworks */,
				1186B05F1B7FCC9C00ADADAD /* Aquifer.framework in Frameworks */,
			);
			runOnlyForDeploymentPostprocessing = 0;
		};
		8240CE781C3A4C2D00EF4D29 /* Frameworks */ = {
			isa = PBXFrameworksBuildPhase;
			buildActionMask = 2147483647;
			files = (
				8240CEE21C3A4D1100EF4D29 /* Focus.framework in Frameworks */,
				8240CEE31C3A4D1100EF4D29 /* Swiftz.framework in Frameworks */,
			);
			runOnlyForDeploymentPostprocessing = 0;
		};
		8240CE821C3A4C2D00EF4D29 /* Frameworks */ = {
			isa = PBXFrameworksBuildPhase;
			buildActionMask = 2147483647;
			files = (
				8240CEDD1C3A4CA400EF4D29 /* Aquifer.framework in Frameworks */,
			);
			runOnlyForDeploymentPostprocessing = 0;
		};
		8240CEB21C3A4C3600EF4D29 /* Frameworks */ = {
			isa = PBXFrameworksBuildPhase;
			buildActionMask = 2147483647;
			files = (
				8240CEEA1C3A4D3700EF4D29 /* Swiftz.framework in Frameworks */,
				8240CEE91C3A4D2300EF4D29 /* Focus.framework in Frameworks */,
			);
			runOnlyForDeploymentPostprocessing = 0;
		};
/* End PBXFrameworksBuildPhase section */

/* Begin PBXGroup section */
		110A96CE1B7D9447005667D4 /* Products */ = {
			isa = PBXGroup;
			children = (
				110A96D61B7D9449005667D4 /* Swiftz.framework */,
				110A96D81B7D9449005667D4 /* SwiftzTests.xctest */,
				110A96DA1B7D9449005667D4 /* Swiftz.framework */,
				110A96DC1B7D9449005667D4 /* Swiftz-iOSTests.xctest */,
				8240CEAA1C3A4C2D00EF4D29 /* Swiftz.framework */,
				8240CEAC1C3A4C2D00EF4D29 /* Swiftz-tvOSTests.xctest */,
				8240CEAE1C3A4C2D00EF4D29 /* Swiftz.framework */,
			);
			name = Products;
			sourceTree = "<group>";
		};
		11200E881A7958480032A136 /* LineReader */ = {
			isa = PBXGroup;
			children = (
				11200E891A7958580032A136 /* NSFileHandleExt.h */,
				11200E8A1A7958580032A136 /* NSFileHandleExt.m */,
			);
			name = LineReader;
			sourceTree = "<group>";
		};
		114E39351B7FC6F700EF9CB1 /* Products */ = {
			isa = PBXGroup;
			children = (
				114E393C1B7FC6F800EF9CB1 /* SwiftCheck.framework */,
				114E393E1B7FC6F800EF9CB1 /* SwiftCheckTests.xctest */,
				114E39401B7FC6F800EF9CB1 /* SwiftCheck.framework */,
				114E39421B7FC6F800EF9CB1 /* SwiftCheck-iOSTests.xctest */,
				8240CEA11C3A4C2D00EF4D29 /* SwiftCheck.framework */,
				8240CEA31C3A4C2D00EF4D29 /* SwiftCheck-tvOSTests.xctest */,
			);
			name = Products;
			sourceTree = "<group>";
		};
		116C60BC1B7EC56C00DE8B29 /* Products */ = {
			isa = PBXGroup;
			children = (
				116C60C31B7EC56C00DE8B29 /* Focus.framework */,
				116C60C51B7EC56C00DE8B29 /* FocusTests.xctest */,
				116C60C71B7EC56C00DE8B29 /* Focus.framework */,
				116C60C91B7EC56C00DE8B29 /* Focus-iOSTests.xctest */,
				8240CE971C3A4C2D00EF4D29 /* Focus.framework */,
				8240CE991C3A4C2D00EF4D29 /* Focus-tvOSTests.xctest */,
				8240CE9B1C3A4C2D00EF4D29 /* Focus.framework */,
			);
			name = Products;
			sourceTree = "<group>";
		};
		11862CC71A65FF66008F5696 = {
			isa = PBXGroup;
			children = (
				11862CEF1A660DB0008F5696 /* Carthage Support */,
				11862D371A673B36008F5696 /* Auxiliary Files */,
				11862CD31A65FF66008F5696 /* Aquifer */,
				11862CE01A65FF66008F5696 /* AquiferTests */,
				11862CD21A65FF66008F5696 /* Products */,
			);
			sourceTree = "<group>";
		};
		11862CD21A65FF66008F5696 /* Products */ = {
			isa = PBXGroup;
			children = (
				11862CD11A65FF66008F5696 /* Aquifer.framework */,
				11862CDC1A65FF66008F5696 /* AquiferTests.xctest */,
				11F0320B1B0BFF82004C6D59 /* Aquifer.framework */,
				11F032151B0BFF82004C6D59 /* AquiferTests.xctest */,
				8240CE7C1C3A4C2D00EF4D29 /* Aquifer.framework */,
				8240CE851C3A4C2D00EF4D29 /* Aquifer-tvOSTests.xctest */,
				8240CEB61C3A4C3600EF4D29 /* Aquifer.framework */,
			);
			name = Products;
			sourceTree = "<group>";
		};
		11862CD31A65FF66008F5696 /* Aquifer */ = {
			isa = PBXGroup;
			children = (
				11862CD61A65FF66008F5696 /* Aquifer.h */,
				11200E881A7958480032A136 /* LineReader */,
				11862D1F1A6638F7008F5696 /* Core */,
				11A916D91A6C7B06007B4BBA /* Utilities */,
				11862CD41A65FF66008F5696 /* Supporting Files */,
			);
			path = Aquifer;
			sourceTree = "<group>";
		};
		11862CD41A65FF66008F5696 /* Supporting Files */ = {
			isa = PBXGroup;
			children = (
				11862CD51A65FF66008F5696 /* Info.plist */,
			);
			name = "Supporting Files";
			sourceTree = "<group>";
		};
		11862CE01A65FF66008F5696 /* AquiferTests */ = {
			isa = PBXGroup;
			children = (
				11862D3E1A673BAA008F5696 /* Core */,
				11862CE11A65FF66008F5696 /* Supporting Files */,
			);
			path = AquiferTests;
			sourceTree = "<group>";
		};
		11862CE11A65FF66008F5696 /* Supporting Files */ = {
			isa = PBXGroup;
			children = (
				11862CE21A65FF66008F5696 /* Info.plist */,
			);
			name = "Supporting Files";
			sourceTree = "<group>";
		};
		11862CEF1A660DB0008F5696 /* Carthage Support */ = {
			isa = PBXGroup;
			children = (
				11862CF01A660E37008F5696 /* Cartfile */,
				114E39171B7FA6C500EF9CB1 /* Cartfile.private */,
				110A96CD1B7D9447005667D4 /* Swiftz.xcodeproj */,
				116C60AB1B7EC55300DE8B29 /* Focus.xcodeproj */,
				114E39341B7FC6F700EF9CB1 /* SwiftCheck.xcodeproj */,
			);
			name = "Carthage Support";
			sourceTree = "<group>";
		};
		11862D1F1A6638F7008F5696 /* Core */ = {
			isa = PBXGroup;
			children = (
				11862D261A66392B008F5696 /* Proxy.swift */,
				11200E741A7723BD0032A136 /* Simple.swift */,
				11862D2B1A670B0A008F5696 /* Core.swift */,
				82F3176C1B81220C007B80E2 /* PipesOperators.swift */,
			);
			name = Core;
			sourceTree = "<group>";
		};
		11862D371A673B36008F5696 /* Auxiliary Files */ = {
			isa = PBXGroup;
			children = (
				11862D3B1A673B5D008F5696 /* README.md */,
			);
			name = "Auxiliary Files";
			sourceTree = "<group>";
		};
		11862D3E1A673BAA008F5696 /* Core */ = {
			isa = PBXGroup;
			children = (
				11862D311A67316B008F5696 /* ProxyTests.swift */,
				82F317451B80335E007B80E2 /* TestDefs.swift */,
			);
			name = Core;
			sourceTree = "<group>";
		};
		11A916D91A6C7B06007B4BBA /* Utilities */ = {
			isa = PBXGroup;
			children = (
				11D195731A7B42260072F514 /* Auxiliary.swift */,
				11A916DC1A6C7EFC007B4BBA /* Grouping.swift */,
				11200E821A784D230032A136 /* Parsing.swift */,
				82BA103C1D76864F0041DCDA /* FocusedParsing.swift */,
				11200E861A7953120032A136 /* IO.swift */,
				11200E901A796D9F0032A136 /* Basic.swift */,
			);
			name = Utilities;
			sourceTree = "<group>";
		};
/* End PBXGroup section */

/* Begin PBXHeadersBuildPhase section */
		11862CCE1A65FF66008F5696 /* Headers */ = {
			isa = PBXHeadersBuildPhase;
			buildActionMask = 2147483647;
			files = (
				11F032381B0C0179004C6D59 /* Aquifer.h in Headers */,
				11200E8B1A7958580032A136 /* NSFileHandleExt.h in Headers */,
			);
			runOnlyForDeploymentPostprocessing = 0;
		};
		11862CF21A661C73008F5696 /* Headers */ = {
			isa = PBXHeadersBuildPhase;
			buildActionMask = 2147483647;
			files = (
			);
			runOnlyForDeploymentPostprocessing = 0;
		};
		11F032081B0BFF82004C6D59 /* Headers */ = {
			isa = PBXHeadersBuildPhase;
			buildActionMask = 2147483647;
			files = (
				11F032391B0C017B004C6D59 /* Aquifer.h in Headers */,
				11F032281B0C00E6004C6D59 /* NSFileHandleExt.h in Headers */,
			);
			runOnlyForDeploymentPostprocessing = 0;
		};
		8240CE791C3A4C2D00EF4D29 /* Headers */ = {
			isa = PBXHeadersBuildPhase;
			buildActionMask = 2147483647;
			files = (
				8240CEBF1C3A4C4B00EF4D29 /* Aquifer.h in Headers */,
				8240CED71C3A4C6E00EF4D29 /* NSFileHandleExt.h in Headers */,
			);
			runOnlyForDeploymentPostprocessing = 0;
		};
		8240CEB31C3A4C3600EF4D29 /* Headers */ = {
			isa = PBXHeadersBuildPhase;
			buildActionMask = 2147483647;
			files = (
				8240CEBE1C3A4C4700EF4D29 /* Aquifer.h in Headers */,
				8240CED81C3A4C7100EF4D29 /* NSFileHandleExt.h in Headers */,
			);
			runOnlyForDeploymentPostprocessing = 0;
		};
/* End PBXHeadersBuildPhase section */

/* Begin PBXNativeTarget section */
		11862CD01A65FF66008F5696 /* Aquifer */ = {
			isa = PBXNativeTarget;
			buildConfigurationList = 11862CE71A65FF66008F5696 /* Build configuration list for PBXNativeTarget "Aquifer" */;
			buildPhases = (
				11862CCC1A65FF66008F5696 /* Sources */,
				11862CCD1A65FF66008F5696 /* Frameworks */,
				11862CCE1A65FF66008F5696 /* Headers */,
				11862CCF1A65FF66008F5696 /* Resources */,
			);
			buildRules = (
			);
			dependencies = (
				114E39441B7FC71300EF9CB1 /* PBXTargetDependency */,
				114E39461B7FC71600EF9CB1 /* PBXTargetDependency */,
			);
			name = Aquifer;
			productName = Aquifer;
			productReference = 11862CD11A65FF66008F5696 /* Aquifer.framework */;
			productType = "com.apple.product-type.framework";
		};
		11862CDB1A65FF66008F5696 /* AquiferTests */ = {
			isa = PBXNativeTarget;
			buildConfigurationList = 11862CEA1A65FF66008F5696 /* Build configuration list for PBXNativeTarget "AquiferTests" */;
			buildPhases = (
				11862CD81A65FF66008F5696 /* Sources */,
				11862CD91A65FF66008F5696 /* Frameworks */,
				11862CF21A661C73008F5696 /* Headers */,
				11862CDA1A65FF66008F5696 /* Resources */,
			);
			buildRules = (
			);
			dependencies = (
				1186B0591B7FCC6500ADADAD /* PBXTargetDependency */,
				1186B04F1B7FCC6000ADADAD /* PBXTargetDependency */,
			);
			name = AquiferTests;
			productName = AquiferTests;
			productReference = 11862CDC1A65FF66008F5696 /* AquiferTests.xctest */;
			productType = "com.apple.product-type.bundle.unit-test";
		};
		11F0320A1B0BFF82004C6D59 /* Aquifer-iOS */ = {
			isa = PBXNativeTarget;
			buildConfigurationList = 11F0321E1B0BFF83004C6D59 /* Build configuration list for PBXNativeTarget "Aquifer-iOS" */;
			buildPhases = (
				11F032061B0BFF82004C6D59 /* Sources */,
				11F032071B0BFF82004C6D59 /* Frameworks */,
				11F032081B0BFF82004C6D59 /* Headers */,
				11F032091B0BFF82004C6D59 /* Resources */,
			);
			buildRules = (
			);
			dependencies = (
				114E394A1B7FC76B00EF9CB1 /* PBXTargetDependency */,
				114E394D1B7FC77A00EF9CB1 /* PBXTargetDependency */,
			);
			name = "Aquifer-iOS";
			productName = "Aquifer-iOS";
			productReference = 11F0320B1B0BFF82004C6D59 /* Aquifer.framework */;
			productType = "com.apple.product-type.framework";
		};
		11F032141B0BFF82004C6D59 /* Aquifer-iOSTests */ = {
			isa = PBXNativeTarget;
			buildConfigurationList = 11F032211B0BFF83004C6D59 /* Build configuration list for PBXNativeTarget "Aquifer-iOSTests" */;
			buildPhases = (
				11F032111B0BFF82004C6D59 /* Sources */,
				11F032121B0BFF82004C6D59 /* Frameworks */,
				11F032131B0BFF82004C6D59 /* Resources */,
			);
			buildRules = (
			);
			dependencies = (
				1186B05D1B7FCC8200ADADAD /* PBXTargetDependency */,
				1186B05B1B7FCC7C00ADADAD /* PBXTargetDependency */,
			);
			name = "Aquifer-iOSTests";
			productName = "Aquifer-iOSTests";
			productReference = 11F032151B0BFF82004C6D59 /* AquiferTests.xctest */;
			productType = "com.apple.product-type.bundle.unit-test";
		};
		8240CE7B1C3A4C2D00EF4D29 /* Aquifer-tvOS */ = {
			isa = PBXNativeTarget;
			buildConfigurationList = 8240CEAF1C3A4C2D00EF4D29 /* Build configuration list for PBXNativeTarget "Aquifer-tvOS" */;
			buildPhases = (
				8240CE771C3A4C2D00EF4D29 /* Sources */,
				8240CE781C3A4C2D00EF4D29 /* Frameworks */,
				8240CE791C3A4C2D00EF4D29 /* Headers */,
				8240CE7A1C3A4C2D00EF4D29 /* Resources */,
			);
			buildRules = (
			);
			dependencies = (
				8240CEDF1C3A4D0300EF4D29 /* PBXTargetDependency */,
				8240CEE11C3A4D0300EF4D29 /* PBXTargetDependency */,
			);
			name = "Aquifer-tvOS";
			productName = "Aquifer-tvOS";
			productReference = 8240CE7C1C3A4C2D00EF4D29 /* Aquifer.framework */;
			productType = "com.apple.product-type.framework";
		};
		8240CE841C3A4C2D00EF4D29 /* Aquifer-tvOSTests */ = {
			isa = PBXNativeTarget;
			buildConfigurationList = 8240CEB01C3A4C2D00EF4D29 /* Build configuration list for PBXNativeTarget "Aquifer-tvOSTests" */;
			buildPhases = (
				8240CE811C3A4C2D00EF4D29 /* Sources */,
				8240CE821C3A4C2D00EF4D29 /* Frameworks */,
				8240CE831C3A4C2D00EF4D29 /* Resources */,
			);
			buildRules = (
			);
			dependencies = (
				8240CEDC1C3A4C9B00EF4D29 /* PBXTargetDependency */,
				8240CE881C3A4C2D00EF4D29 /* PBXTargetDependency */,
			);
			name = "Aquifer-tvOSTests";
			productName = "Aquifer-tvOSTests";
			productReference = 8240CE851C3A4C2D00EF4D29 /* Aquifer-tvOSTests.xctest */;
			productType = "com.apple.product-type.bundle.unit-test";
		};
		8240CEB51C3A4C3600EF4D29 /* Aquifer-watchOS */ = {
			isa = PBXNativeTarget;
			buildConfigurationList = 8240CEBB1C3A4C3600EF4D29 /* Build configuration list for PBXNativeTarget "Aquifer-watchOS" */;
			buildPhases = (
				8240CEB11C3A4C3600EF4D29 /* Sources */,
				8240CEB21C3A4C3600EF4D29 /* Frameworks */,
				8240CEB31C3A4C3600EF4D29 /* Headers */,
				8240CEB41C3A4C3600EF4D29 /* Resources */,
			);
			buildRules = (
			);
			dependencies = (
				8240CEE51C3A4D1A00EF4D29 /* PBXTargetDependency */,
				8240CEE71C3A4D1A00EF4D29 /* PBXTargetDependency */,
			);
			name = "Aquifer-watchOS";
			productName = "Aquifer-watchOS";
			productReference = 8240CEB61C3A4C3600EF4D29 /* Aquifer.framework */;
			productType = "com.apple.product-type.framework";
		};
/* End PBXNativeTarget section */

/* Begin PBXProject section */
		11862CC81A65FF66008F5696 /* Project object */ = {
			isa = PBXProject;
			attributes = {
				LastSwiftMigration = 0700;
				LastSwiftUpdateCheck = 0720;
				LastUpgradeCheck = 0800;
				ORGANIZATIONNAME = TypeLift;
				TargetAttributes = {
					11862CD01A65FF66008F5696 = {
						CreatedOnToolsVersion = 6.2;
					};
					11862CDB1A65FF66008F5696 = {
						CreatedOnToolsVersion = 6.2;
					};
					11F0320A1B0BFF82004C6D59 = {
						CreatedOnToolsVersion = 6.4;
					};
					11F032141B0BFF82004C6D59 = {
						CreatedOnToolsVersion = 6.4;
					};
					8240CE7B1C3A4C2D00EF4D29 = {
						CreatedOnToolsVersion = 7.2;
						LastSwiftMigration = 0800;
					};
					8240CE841C3A4C2D00EF4D29 = {
						CreatedOnToolsVersion = 7.2;
						LastSwiftMigration = 0800;
					};
					8240CEB51C3A4C3600EF4D29 = {
						CreatedOnToolsVersion = 7.2;
					};
				};
			};
			buildConfigurationList = 11862CCB1A65FF66008F5696 /* Build configuration list for PBXProject "Aquifer" */;
			compatibilityVersion = "Xcode 6.3";
			developmentRegion = English;
			hasScannedForEncodings = 0;
			knownRegions = (
				en,
			);
			mainGroup = 11862CC71A65FF66008F5696;
			productRefGroup = 11862CD21A65FF66008F5696 /* Products */;
			projectDirPath = "";
			projectReferences = (
				{
					ProductGroup = 116C60BC1B7EC56C00DE8B29 /* Products */;
					ProjectRef = 116C60AB1B7EC55300DE8B29 /* Focus.xcodeproj */;
				},
				{
					ProductGroup = 114E39351B7FC6F700EF9CB1 /* Products */;
					ProjectRef = 114E39341B7FC6F700EF9CB1 /* SwiftCheck.xcodeproj */;
				},
				{
					ProductGroup = 110A96CE1B7D9447005667D4 /* Products */;
					ProjectRef = 110A96CD1B7D9447005667D4 /* Swiftz.xcodeproj */;
				},
			);
			projectRoot = "";
			targets = (
				11862CD01A65FF66008F5696 /* Aquifer */,
				11862CDB1A65FF66008F5696 /* AquiferTests */,
				11F0320A1B0BFF82004C6D59 /* Aquifer-iOS */,
				11F032141B0BFF82004C6D59 /* Aquifer-iOSTests */,
				8240CE7B1C3A4C2D00EF4D29 /* Aquifer-tvOS */,
				8240CE841C3A4C2D00EF4D29 /* Aquifer-tvOSTests */,
				8240CEB51C3A4C3600EF4D29 /* Aquifer-watchOS */,
			);
		};
/* End PBXProject section */

/* Begin PBXReferenceProxy section */
		110A96D61B7D9449005667D4 /* Swiftz.framework */ = {
			isa = PBXReferenceProxy;
			fileType = wrapper.framework;
			path = Swiftz.framework;
			remoteRef = 110A96D51B7D9449005667D4 /* PBXContainerItemProxy */;
			sourceTree = BUILT_PRODUCTS_DIR;
		};
		110A96D81B7D9449005667D4 /* SwiftzTests.xctest */ = {
			isa = PBXReferenceProxy;
			fileType = wrapper.cfbundle;
			path = SwiftzTests.xctest;
			remoteRef = 110A96D71B7D9449005667D4 /* PBXContainerItemProxy */;
			sourceTree = BUILT_PRODUCTS_DIR;
		};
		110A96DA1B7D9449005667D4 /* Swiftz.framework */ = {
			isa = PBXReferenceProxy;
			fileType = wrapper.framework;
			path = Swiftz.framework;
			remoteRef = 110A96D91B7D9449005667D4 /* PBXContainerItemProxy */;
			sourceTree = BUILT_PRODUCTS_DIR;
		};
		110A96DC1B7D9449005667D4 /* Swiftz-iOSTests.xctest */ = {
			isa = PBXReferenceProxy;
			fileType = wrapper.cfbundle;
			path = "Swiftz-iOSTests.xctest";
			remoteRef = 110A96DB1B7D9449005667D4 /* PBXContainerItemProxy */;
			sourceTree = BUILT_PRODUCTS_DIR;
		};
		114E393C1B7FC6F800EF9CB1 /* SwiftCheck.framework */ = {
			isa = PBXReferenceProxy;
			fileType = wrapper.framework;
			path = SwiftCheck.framework;
			remoteRef = 114E393B1B7FC6F800EF9CB1 /* PBXContainerItemProxy */;
			sourceTree = BUILT_PRODUCTS_DIR;
		};
		114E393E1B7FC6F800EF9CB1 /* SwiftCheckTests.xctest */ = {
			isa = PBXReferenceProxy;
			fileType = wrapper.cfbundle;
			path = SwiftCheckTests.xctest;
			remoteRef = 114E393D1B7FC6F800EF9CB1 /* PBXContainerItemProxy */;
			sourceTree = BUILT_PRODUCTS_DIR;
		};
		114E39401B7FC6F800EF9CB1 /* SwiftCheck.framework */ = {
			isa = PBXReferenceProxy;
			fileType = wrapper.framework;
			path = SwiftCheck.framework;
			remoteRef = 114E393F1B7FC6F800EF9CB1 /* PBXContainerItemProxy */;
			sourceTree = BUILT_PRODUCTS_DIR;
		};
		114E39421B7FC6F800EF9CB1 /* SwiftCheck-iOSTests.xctest */ = {
			isa = PBXReferenceProxy;
			fileType = wrapper.cfbundle;
			path = "SwiftCheck-iOSTests.xctest";
			remoteRef = 114E39411B7FC6F800EF9CB1 /* PBXContainerItemProxy */;
			sourceTree = BUILT_PRODUCTS_DIR;
		};
		116C60C31B7EC56C00DE8B29 /* Focus.framework */ = {
			isa = PBXReferenceProxy;
			fileType = wrapper.framework;
			path = Focus.framework;
			remoteRef = 116C60C21B7EC56C00DE8B29 /* PBXContainerItemProxy */;
			sourceTree = BUILT_PRODUCTS_DIR;
		};
		116C60C51B7EC56C00DE8B29 /* FocusTests.xctest */ = {
			isa = PBXReferenceProxy;
			fileType = wrapper.cfbundle;
			path = FocusTests.xctest;
			remoteRef = 116C60C41B7EC56C00DE8B29 /* PBXContainerItemProxy */;
			sourceTree = BUILT_PRODUCTS_DIR;
		};
		116C60C71B7EC56C00DE8B29 /* Focus.framework */ = {
			isa = PBXReferenceProxy;
			fileType = wrapper.framework;
			path = Focus.framework;
			remoteRef = 116C60C61B7EC56C00DE8B29 /* PBXContainerItemProxy */;
			sourceTree = BUILT_PRODUCTS_DIR;
		};
		116C60C91B7EC56C00DE8B29 /* Focus-iOSTests.xctest */ = {
			isa = PBXReferenceProxy;
			fileType = wrapper.cfbundle;
			path = "Focus-iOSTests.xctest";
			remoteRef = 116C60C81B7EC56C00DE8B29 /* PBXContainerItemProxy */;
			sourceTree = BUILT_PRODUCTS_DIR;
		};
		8240CE971C3A4C2D00EF4D29 /* Focus.framework */ = {
			isa = PBXReferenceProxy;
			fileType = wrapper.framework;
			path = Focus.framework;
			remoteRef = 8240CE961C3A4C2D00EF4D29 /* PBXContainerItemProxy */;
			sourceTree = BUILT_PRODUCTS_DIR;
		};
		8240CE991C3A4C2D00EF4D29 /* Focus-tvOSTests.xctest */ = {
			isa = PBXReferenceProxy;
			fileType = wrapper.cfbundle;
			path = "Focus-tvOSTests.xctest";
			remoteRef = 8240CE981C3A4C2D00EF4D29 /* PBXContainerItemProxy */;
			sourceTree = BUILT_PRODUCTS_DIR;
		};
		8240CE9B1C3A4C2D00EF4D29 /* Focus.framework */ = {
			isa = PBXReferenceProxy;
			fileType = wrapper.framework;
			path = Focus.framework;
			remoteRef = 8240CE9A1C3A4C2D00EF4D29 /* PBXContainerItemProxy */;
			sourceTree = BUILT_PRODUCTS_DIR;
		};
		8240CEA11C3A4C2D00EF4D29 /* SwiftCheck.framework */ = {
			isa = PBXReferenceProxy;
			fileType = wrapper.framework;
			path = SwiftCheck.framework;
			remoteRef = 8240CEA01C3A4C2D00EF4D29 /* PBXContainerItemProxy */;
			sourceTree = BUILT_PRODUCTS_DIR;
		};
		8240CEA31C3A4C2D00EF4D29 /* SwiftCheck-tvOSTests.xctest */ = {
			isa = PBXReferenceProxy;
			fileType = wrapper.cfbundle;
			path = "SwiftCheck-tvOSTests.xctest";
			remoteRef = 8240CEA21C3A4C2D00EF4D29 /* PBXContainerItemProxy */;
			sourceTree = BUILT_PRODUCTS_DIR;
		};
		8240CEAA1C3A4C2D00EF4D29 /* Swiftz.framework */ = {
			isa = PBXReferenceProxy;
			fileType = wrapper.framework;
			path = Swiftz.framework;
			remoteRef = 8240CEA91C3A4C2D00EF4D29 /* PBXContainerItemProxy */;
			sourceTree = BUILT_PRODUCTS_DIR;
		};
		8240CEAC1C3A4C2D00EF4D29 /* Swiftz-tvOSTests.xctest */ = {
			isa = PBXReferenceProxy;
			fileType = wrapper.cfbundle;
			path = "Swiftz-tvOSTests.xctest";
			remoteRef = 8240CEAB1C3A4C2D00EF4D29 /* PBXContainerItemProxy */;
			sourceTree = BUILT_PRODUCTS_DIR;
		};
		8240CEAE1C3A4C2D00EF4D29 /* Swiftz.framework */ = {
			isa = PBXReferenceProxy;
			fileType = wrapper.framework;
			path = Swiftz.framework;
			remoteRef = 8240CEAD1C3A4C2D00EF4D29 /* PBXContainerItemProxy */;
			sourceTree = BUILT_PRODUCTS_DIR;
		};
/* End PBXReferenceProxy section */

/* Begin PBXResourcesBuildPhase section */
		11862CCF1A65FF66008F5696 /* Resources */ = {
			isa = PBXResourcesBuildPhase;
			buildActionMask = 2147483647;
			files = (
			);
			runOnlyForDeploymentPostprocessing = 0;
		};
		11862CDA1A65FF66008F5696 /* Resources */ = {
			isa = PBXResourcesBuildPhase;
			buildActionMask = 2147483647;
			files = (
			);
			runOnlyForDeploymentPostprocessing = 0;
		};
		11F032091B0BFF82004C6D59 /* Resources */ = {
			isa = PBXResourcesBuildPhase;
			buildActionMask = 2147483647;
			files = (
			);
			runOnlyForDeploymentPostprocessing = 0;
		};
		11F032131B0BFF82004C6D59 /* Resources */ = {
			isa = PBXResourcesBuildPhase;
			buildActionMask = 2147483647;
			files = (
			);
			runOnlyForDeploymentPostprocessing = 0;
		};
		8240CE7A1C3A4C2D00EF4D29 /* Resources */ = {
			isa = PBXResourcesBuildPhase;
			buildActionMask = 2147483647;
			files = (
			);
			runOnlyForDeploymentPostprocessing = 0;
		};
		8240CE831C3A4C2D00EF4D29 /* Resources */ = {
			isa = PBXResourcesBuildPhase;
			buildActionMask = 2147483647;
			files = (
			);
			runOnlyForDeploymentPostprocessing = 0;
		};
		8240CEB41C3A4C3600EF4D29 /* Resources */ = {
			isa = PBXResourcesBuildPhase;
			buildActionMask = 2147483647;
			files = (
			);
			runOnlyForDeploymentPostprocessing = 0;
		};
/* End PBXResourcesBuildPhase section */

/* Begin PBXSourcesBuildPhase section */
		11862CCC1A65FF66008F5696 /* Sources */ = {
			isa = PBXSourcesBuildPhase;
			buildActionMask = 2147483647;
			files = (
				11A916DD1A6C7EFC007B4BBA /* Grouping.swift in Sources */,
				11200E751A7723BD0032A136 /* Simple.swift in Sources */,
				82F3176D1B81220C007B80E2 /* PipesOperators.swift in Sources */,
				11200E871A7953120032A136 /* IO.swift in Sources */,
				11862D271A66392B008F5696 /* Proxy.swift in Sources */,
				11200E831A784D230032A136 /* Parsing.swift in Sources */,
				11862D2C1A670B0A008F5696 /* Core.swift in Sources */,
				82BA103D1D76864F0041DCDA /* FocusedParsing.swift in Sources */,
				11D195741A7B42260072F514 /* Auxiliary.swift in Sources */,
				11200E911A796D9F0032A136 /* Basic.swift in Sources */,
				11200E8C1A7958580032A136 /* NSFileHandleExt.m in Sources */,
			);
			runOnlyForDeploymentPostprocessing = 0;
		};
		11862CD81A65FF66008F5696 /* Sources */ = {
			isa = PBXSourcesBuildPhase;
			buildActionMask = 2147483647;
			files = (
				11862D321A67316B008F5696 /* ProxyTests.swift in Sources */,
				82F317461B80335E007B80E2 /* TestDefs.swift in Sources */,
			);
			runOnlyForDeploymentPostprocessing = 0;
		};
		11F032061B0BFF82004C6D59 /* Sources */ = {
			isa = PBXSourcesBuildPhase;
			buildActionMask = 2147483647;
			files = (
				11F0322F1B0C00F8004C6D59 /* Grouping.swift in Sources */,
				11F0322A1B0C00EF004C6D59 /* Proxy.swift in Sources */,
				11F0322C1B0C00EF004C6D59 /* Core.swift in Sources */,
				82F3176E1B81220C007B80E2 /* PipesOperators.swift in Sources */,
				11F032321B0C00F8004C6D59 /* IO.swift in Sources */,
				11F0322E1B0C00F8004C6D59 /* Auxiliary.swift in Sources */,
				11F032301B0C00F8004C6D59 /* Parsing.swift in Sources */,
				11F032291B0C00EB004C6D59 /* NSFileHandleExt.m in Sources */,
				82BA10471D76867C0041DCDA /* FocusedParsing.swift in Sources */,
				11F032331B0C00F8004C6D59 /* Basic.swift in Sources */,
				11F0322B1B0C00EF004C6D59 /* Simple.swift in Sources */,
			);
			runOnlyForDeploymentPostprocessing = 0;
		};
		11F032111B0BFF82004C6D59 /* Sources */ = {
			isa = PBXSourcesBuildPhase;
			buildActionMask = 2147483647;
			files = (
				11F032341B0C00FC004C6D59 /* ProxyTests.swift in Sources */,
				82F317471B80335E007B80E2 /* TestDefs.swift in Sources */,
			);
			runOnlyForDeploymentPostprocessing = 0;
		};
		8240CE771C3A4C2D00EF4D29 /* Sources */ = {
			isa = PBXSourcesBuildPhase;
			buildActionMask = 2147483647;
			files = (
				8240CED61C3A4C6500EF4D29 /* NSFileHandleExt.m in Sources */,
				8240CEC01C3A4C5300EF4D29 /* Proxy.swift in Sources */,
				8240CEC11C3A4C5300EF4D29 /* Simple.swift in Sources */,
				8240CEC21C3A4C5300EF4D29 /* Core.swift in Sources */,
				8240CEC31C3A4C5300EF4D29 /* PipesOperators.swift in Sources */,
				8240CEC51C3A4C5300EF4D29 /* Auxiliary.swift in Sources */,
				8240CEC61C3A4C5300EF4D29 /* Grouping.swift in Sources */,
				82BA10481D76867C0041DCDA /* FocusedParsing.swift in Sources */,
				8240CEC71C3A4C5300EF4D29 /* Parsing.swift in Sources */,
				8240CEC81C3A4C5300EF4D29 /* IO.swift in Sources */,
				8240CEC91C3A4C5300EF4D29 /* Basic.swift in Sources */,
			);
			runOnlyForDeploymentPostprocessing = 0;
		};
		8240CE811C3A4C2D00EF4D29 /* Sources */ = {
			isa = PBXSourcesBuildPhase;
			buildActionMask = 2147483647;
			files = (
				8240CED91C3A4C8B00EF4D29 /* ProxyTests.swift in Sources */,
				8240CEDA1C3A4C8B00EF4D29 /* TestDefs.swift in Sources */,
			);
			runOnlyForDeploymentPostprocessing = 0;
		};
		8240CEB11C3A4C3600EF4D29 /* Sources */ = {
			isa = PBXSourcesBuildPhase;
			buildActionMask = 2147483647;
			files = (
				8240CECB1C3A4C5B00EF4D29 /* NSFileHandleExt.m in Sources */,
				8240CECC1C3A4C5B00EF4D29 /* Proxy.swift in Sources */,
				8240CECD1C3A4C5B00EF4D29 /* Simple.swift in Sources */,
				8240CECE1C3A4C5B00EF4D29 /* Core.swift in Sources */,
				8240CECF1C3A4C5B00EF4D29 /* PipesOperators.swift in Sources */,
				8240CED11C3A4C5B00EF4D29 /* Auxiliary.swift in Sources */,
				8240CED21C3A4C5B00EF4D29 /* Grouping.swift in Sources */,
				82BA104A1D76867D0041DCDA /* FocusedParsing.swift in Sources */,
				8240CED31C3A4C5B00EF4D29 /* Parsing.swift in Sources */,
				8240CED41C3A4C5B00EF4D29 /* IO.swift in Sources */,
				8240CED51C3A4C5B00EF4D29 /* Basic.swift in Sources */,
			);
			runOnlyForDeploymentPostprocessing = 0;
		};
/* End PBXSourcesBuildPhase section */

/* Begin PBXTargetDependency section */
		114E39441B7FC71300EF9CB1 /* PBXTargetDependency */ = {
			isa = PBXTargetDependency;
			name = Swiftz;
			targetProxy = 114E39431B7FC71300EF9CB1 /* PBXContainerItemProxy */;
		};
		114E39461B7FC71600EF9CB1 /* PBXTargetDependency */ = {
			isa = PBXTargetDependency;
			name = Focus;
			targetProxy = 114E39451B7FC71600EF9CB1 /* PBXContainerItemProxy */;
		};
		114E394A1B7FC76B00EF9CB1 /* PBXTargetDependency */ = {
			isa = PBXTargetDependency;
			name = "Swiftz-iOS";
			targetProxy = 114E39491B7FC76B00EF9CB1 /* PBXContainerItemProxy */;
		};
		114E394D1B7FC77A00EF9CB1 /* PBXTargetDependency */ = {
			isa = PBXTargetDependency;
			name = "Focus-iOS";
			targetProxy = 114E394C1B7FC77A00EF9CB1 /* PBXContainerItemProxy */;
		};
		1186B04F1B7FCC6000ADADAD /* PBXTargetDependency */ = {
			isa = PBXTargetDependency;
			target = 11862CD01A65FF66008F5696 /* Aquifer */;
			targetProxy = 1186B04E1B7FCC6000ADADAD /* PBXContainerItemProxy */;
		};
		1186B0591B7FCC6500ADADAD /* PBXTargetDependency */ = {
			isa = PBXTargetDependency;
			name = SwiftCheck;
			targetProxy = 1186B0581B7FCC6500ADADAD /* PBXContainerItemProxy */;
		};
		1186B05B1B7FCC7C00ADADAD /* PBXTargetDependency */ = {
			isa = PBXTargetDependency;
			target = 11F0320A1B0BFF82004C6D59 /* Aquifer-iOS */;
			targetProxy = 1186B05A1B7FCC7C00ADADAD /* PBXContainerItemProxy */;
		};
		1186B05D1B7FCC8200ADADAD /* PBXTargetDependency */ = {
			isa = PBXTargetDependency;
			name = "SwiftCheck-iOS";
			targetProxy = 1186B05C1B7FCC8200ADADAD /* PBXContainerItemProxy */;
		};
		8240CE881C3A4C2D00EF4D29 /* PBXTargetDependency */ = {
			isa = PBXTargetDependency;
			target = 8240CE7B1C3A4C2D00EF4D29 /* Aquifer-tvOS */;
			targetProxy = 8240CE871C3A4C2D00EF4D29 /* PBXContainerItemProxy */;
		};
		8240CEDC1C3A4C9B00EF4D29 /* PBXTargetDependency */ = {
			isa = PBXTargetDependency;
			name = "SwiftCheck-tvOS";
			targetProxy = 8240CEDB1C3A4C9B00EF4D29 /* PBXContainerItemProxy */;
		};
		8240CEDF1C3A4D0300EF4D29 /* PBXTargetDependency */ = {
			isa = PBXTargetDependency;
			name = "Swiftz-tvOS";
			targetProxy = 8240CEDE1C3A4D0300EF4D29 /* PBXContainerItemProxy */;
		};
		8240CEE11C3A4D0300EF4D29 /* PBXTargetDependency */ = {
			isa = PBXTargetDependency;
			name = "Focus-tvOS";
			targetProxy = 8240CEE01C3A4D0300EF4D29 /* PBXContainerItemProxy */;
		};
		8240CEE51C3A4D1A00EF4D29 /* PBXTargetDependency */ = {
			isa = PBXTargetDependency;
			name = "Swiftz-watchOS";
			targetProxy = 8240CEE41C3A4D1A00EF4D29 /* PBXContainerItemProxy */;
		};
		8240CEE71C3A4D1A00EF4D29 /* PBXTargetDependency */ = {
			isa = PBXTargetDependency;
			name = "Focus-watchOS";
			targetProxy = 8240CEE61C3A4D1A00EF4D29 /* PBXContainerItemProxy */;
		};
/* End PBXTargetDependency section */

/* Begin XCBuildConfiguration section */
		11862CE51A65FF66008F5696 /* Debug */ = {
			isa = XCBuildConfiguration;
			buildSettings = {
				ALWAYS_SEARCH_USER_PATHS = NO;
				APPLICATION_EXTENSION_API_ONLY = YES;
				CLANG_CXX_LANGUAGE_STANDARD = "gnu++0x";
				CLANG_CXX_LIBRARY = "libc++";
				CLANG_ENABLE_MODULES = YES;
				CLANG_ENABLE_OBJC_ARC = YES;
				CLANG_WARN_BOOL_CONVERSION = YES;
				CLANG_WARN_CONSTANT_CONVERSION = YES;
				CLANG_WARN_DIRECT_OBJC_ISA_USAGE = YES_ERROR;
				CLANG_WARN_EMPTY_BODY = YES;
				CLANG_WARN_ENUM_CONVERSION = YES;
				CLANG_WARN_INFINITE_RECURSION = YES;
				CLANG_WARN_INT_CONVERSION = YES;
				CLANG_WARN_OBJC_ROOT_CLASS = YES_ERROR;
				CLANG_WARN_SUSPICIOUS_MOVE = YES;
				CLANG_WARN_UNREACHABLE_CODE = YES;
				CLANG_WARN__DUPLICATE_METHOD_MATCH = YES;
				COPY_PHASE_STRIP = NO;
				CURRENT_PROJECT_VERSION = 1;
				ENABLE_STRICT_OBJC_MSGSEND = YES;
				ENABLE_TESTABILITY = YES;
				GCC_C_LANGUAGE_STANDARD = gnu99;
				GCC_DYNAMIC_NO_PIC = NO;
				GCC_NO_COMMON_BLOCKS = YES;
				GCC_OPTIMIZATION_LEVEL = 0;
				GCC_PREPROCESSOR_DEFINITIONS = (
					"DEBUG=1",
					"$(inherited)",
				);
				GCC_SYMBOLS_PRIVATE_EXTERN = NO;
				GCC_WARN_64_TO_32_BIT_CONVERSION = YES;
				GCC_WARN_ABOUT_RETURN_TYPE = YES_ERROR;
				GCC_WARN_UNDECLARED_SELECTOR = YES;
				GCC_WARN_UNINITIALIZED_AUTOS = YES_AGGRESSIVE;
				GCC_WARN_UNUSED_FUNCTION = YES;
				GCC_WARN_UNUSED_VARIABLE = YES;
				MTL_ENABLE_DEBUG_INFO = YES;
				ONLY_ACTIVE_ARCH = YES;
				SDKROOT = macosx;
				SWIFT_OPTIMIZATION_LEVEL = "-Onone";
				VERSIONING_SYSTEM = "apple-generic";
				VERSION_INFO_PREFIX = "";
			};
			name = Debug;
		};
		11862CE61A65FF66008F5696 /* Release */ = {
			isa = XCBuildConfiguration;
			buildSettings = {
				ALWAYS_SEARCH_USER_PATHS = NO;
				APPLICATION_EXTENSION_API_ONLY = YES;
				CLANG_CXX_LANGUAGE_STANDARD = "gnu++0x";
				CLANG_CXX_LIBRARY = "libc++";
				CLANG_ENABLE_MODULES = YES;
				CLANG_ENABLE_OBJC_ARC = YES;
				CLANG_WARN_BOOL_CONVERSION = YES;
				CLANG_WARN_CONSTANT_CONVERSION = YES;
				CLANG_WARN_DIRECT_OBJC_ISA_USAGE = YES_ERROR;
				CLANG_WARN_EMPTY_BODY = YES;
				CLANG_WARN_ENUM_CONVERSION = YES;
				CLANG_WARN_INFINITE_RECURSION = YES;
				CLANG_WARN_INT_CONVERSION = YES;
				CLANG_WARN_OBJC_ROOT_CLASS = YES_ERROR;
				CLANG_WARN_SUSPICIOUS_MOVE = YES;
				CLANG_WARN_UNREACHABLE_CODE = YES;
				CLANG_WARN__DUPLICATE_METHOD_MATCH = YES;
				COPY_PHASE_STRIP = NO;
				CURRENT_PROJECT_VERSION = 1;
				DEBUG_INFORMATION_FORMAT = "dwarf-with-dsym";
				ENABLE_NS_ASSERTIONS = NO;
				ENABLE_STRICT_OBJC_MSGSEND = YES;
				GCC_C_LANGUAGE_STANDARD = gnu99;
				GCC_NO_COMMON_BLOCKS = YES;
				GCC_WARN_64_TO_32_BIT_CONVERSION = YES;
				GCC_WARN_ABOUT_RETURN_TYPE = YES_ERROR;
				GCC_WARN_UNDECLARED_SELECTOR = YES;
				GCC_WARN_UNINITIALIZED_AUTOS = YES_AGGRESSIVE;
				GCC_WARN_UNUSED_FUNCTION = YES;
				GCC_WARN_UNUSED_VARIABLE = YES;
				MTL_ENABLE_DEBUG_INFO = NO;
				SDKROOT = macosx;
				SWIFT_OPTIMIZATION_LEVEL = "-Owholemodule";
				VERSIONING_SYSTEM = "apple-generic";
				VERSION_INFO_PREFIX = "";
			};
			name = Release;
		};
		11862CE81A65FF66008F5696 /* Debug */ = {
			isa = XCBuildConfiguration;
			buildSettings = {
				CLANG_ENABLE_MODULES = YES;
				CLANG_ENABLE_OBJC_ARC = YES;
				COMBINE_HIDPI_IMAGES = YES;
				DEFINES_MODULE = YES;
				DYLIB_COMPATIBILITY_VERSION = 1;
				DYLIB_CURRENT_VERSION = 1;
				DYLIB_INSTALL_NAME_BASE = "@rpath";
				FRAMEWORK_VERSION = A;
				INFOPLIST_FILE = Aquifer/Info.plist;
				INSTALL_PATH = "$(LOCAL_LIBRARY_DIR)/Frameworks";
				LD_RUNPATH_SEARCH_PATHS = "$(inherited) @executable_path/../Frameworks @loader_path/Frameworks";
				MACOSX_DEPLOYMENT_TARGET = 10.10;
				PRODUCT_BUNDLE_IDENTIFIER = "com.github.typelift.$(PRODUCT_NAME:rfc1034identifier)";
				PRODUCT_NAME = "$(TARGET_NAME)";
				SKIP_INSTALL = YES;
				SWIFT_OPTIMIZATION_LEVEL = "-Onone";
				SWIFT_VERSION = 3.0;
			};
			name = Debug;
		};
		11862CE91A65FF66008F5696 /* Release */ = {
			isa = XCBuildConfiguration;
			buildSettings = {
				CLANG_ENABLE_MODULES = YES;
				CLANG_ENABLE_OBJC_ARC = YES;
				COMBINE_HIDPI_IMAGES = YES;
				DEFINES_MODULE = YES;
				DYLIB_COMPATIBILITY_VERSION = 1;
				DYLIB_CURRENT_VERSION = 1;
				DYLIB_INSTALL_NAME_BASE = "@rpath";
				FRAMEWORK_VERSION = A;
				INFOPLIST_FILE = Aquifer/Info.plist;
				INSTALL_PATH = "$(LOCAL_LIBRARY_DIR)/Frameworks";
				LD_RUNPATH_SEARCH_PATHS = "$(inherited) @executable_path/../Frameworks @loader_path/Frameworks";
				MACOSX_DEPLOYMENT_TARGET = 10.10;
				PRODUCT_BUNDLE_IDENTIFIER = "com.github.typelift.$(PRODUCT_NAME:rfc1034identifier)";
				PRODUCT_NAME = "$(TARGET_NAME)";
				SKIP_INSTALL = YES;
				SWIFT_VERSION = 3.0;
			};
			name = Release;
		};
		11862CEB1A65FF66008F5696 /* Debug */ = {
			isa = XCBuildConfiguration;
			buildSettings = {
				APPLICATION_EXTENSION_API_ONLY = NO;
				CLANG_ENABLE_MODULES = YES;
				COMBINE_HIDPI_IMAGES = YES;
				FRAMEWORK_SEARCH_PATHS = (
					"$(DEVELOPER_FRAMEWORKS_DIR)",
					"$(inherited)",
					"$(USER_LIBRARY_DIR)/Developer/Xcode/DerivedData/Aquifer-brwmwepzjstykkfhhbkqzifdsmkt/Build/Products/Debug",
				);
				GCC_PREPROCESSOR_DEFINITIONS = (
					"DEBUG=1",
					"$(inherited)",
				);
				INFOPLIST_FILE = AquiferTests/Info.plist;
				LD_RUNPATH_SEARCH_PATHS = "$(inherited) @executable_path/../Frameworks @loader_path/../Frameworks";
				PRODUCT_BUNDLE_IDENTIFIER = "com.github.typelift.$(PRODUCT_NAME:rfc1034identifier)";
				PRODUCT_NAME = "$(TARGET_NAME)";
				SWIFT_OPTIMIZATION_LEVEL = "-Onone";
				SWIFT_VERSION = 3.0;
			};
			name = Debug;
		};
		11862CEC1A65FF66008F5696 /* Release */ = {
			isa = XCBuildConfiguration;
			buildSettings = {
				APPLICATION_EXTENSION_API_ONLY = NO;
				CLANG_ENABLE_MODULES = YES;
				COMBINE_HIDPI_IMAGES = YES;
				FRAMEWORK_SEARCH_PATHS = (
					"$(DEVELOPER_FRAMEWORKS_DIR)",
					"$(inherited)",
					"$(USER_LIBRARY_DIR)/Developer/Xcode/DerivedData/Aquifer-brwmwepzjstykkfhhbkqzifdsmkt/Build/Products/Debug",
				);
				INFOPLIST_FILE = AquiferTests/Info.plist;
				LD_RUNPATH_SEARCH_PATHS = "$(inherited) @executable_path/../Frameworks @loader_path/../Frameworks";
				PRODUCT_BUNDLE_IDENTIFIER = "com.github.typelift.$(PRODUCT_NAME:rfc1034identifier)";
				PRODUCT_NAME = "$(TARGET_NAME)";
				SWIFT_VERSION = 3.0;
			};
			name = Release;
		};
		11F0321F1B0BFF83004C6D59 /* Debug */ = {
			isa = XCBuildConfiguration;
			buildSettings = {
				"CODE_SIGN_IDENTITY[sdk=iphoneos*]" = "";
				DEBUG_INFORMATION_FORMAT = "dwarf-with-dsym";
				DEFINES_MODULE = YES;
				DYLIB_COMPATIBILITY_VERSION = 1;
				DYLIB_CURRENT_VERSION = 1;
				DYLIB_INSTALL_NAME_BASE = "@rpath";
				GCC_NO_COMMON_BLOCKS = YES;
				GCC_PREPROCESSOR_DEFINITIONS = (
					"DEBUG=1",
					"$(inherited)",
				);
				INFOPLIST_FILE = Aquifer/Info.plist;
				INSTALL_PATH = "$(LOCAL_LIBRARY_DIR)/Frameworks";
				IPHONEOS_DEPLOYMENT_TARGET = 8.4;
				LD_RUNPATH_SEARCH_PATHS = "$(inherited) @executable_path/Frameworks @loader_path/Frameworks";
				PRODUCT_BUNDLE_IDENTIFIER = "com.github.typelift.$(PRODUCT_NAME:rfc1034identifier)";
				PRODUCT_MODULE_NAME = Aquifer;
				PRODUCT_NAME = Aquifer;
				SDKROOT = iphoneos;
				SKIP_INSTALL = YES;
				SWIFT_VERSION = 3.0;
				TARGETED_DEVICE_FAMILY = "1,2";
			};
			name = Debug;
		};
		11F032201B0BFF83004C6D59 /* Release */ = {
			isa = XCBuildConfiguration;
			buildSettings = {
				"CODE_SIGN_IDENTITY[sdk=iphoneos*]" = "";
				DEFINES_MODULE = YES;
				DYLIB_COMPATIBILITY_VERSION = 1;
				DYLIB_CURRENT_VERSION = 1;
				DYLIB_INSTALL_NAME_BASE = "@rpath";
				GCC_NO_COMMON_BLOCKS = YES;
				INFOPLIST_FILE = Aquifer/Info.plist;
				INSTALL_PATH = "$(LOCAL_LIBRARY_DIR)/Frameworks";
				IPHONEOS_DEPLOYMENT_TARGET = 8.4;
				LD_RUNPATH_SEARCH_PATHS = "$(inherited) @executable_path/Frameworks @loader_path/Frameworks";
				PRODUCT_BUNDLE_IDENTIFIER = "com.github.typelift.$(PRODUCT_NAME:rfc1034identifier)";
				PRODUCT_MODULE_NAME = Aquifer;
				PRODUCT_NAME = Aquifer;
				SDKROOT = iphoneos;
				SKIP_INSTALL = YES;
				SWIFT_VERSION = 3.0;
				TARGETED_DEVICE_FAMILY = "1,2";
				VALIDATE_PRODUCT = YES;
			};
			name = Release;
		};
		11F032221B0BFF83004C6D59 /* Debug */ = {
			isa = XCBuildConfiguration;
			buildSettings = {
				APPLICATION_EXTENSION_API_ONLY = NO;
				"CODE_SIGN_IDENTITY[sdk=iphoneos*]" = "iPhone Developer";
				DEBUG_INFORMATION_FORMAT = "dwarf-with-dsym";
				FRAMEWORK_SEARCH_PATHS = (
					"$(SDKROOT)/Developer/Library/Frameworks",
					"$(inherited)",
					"$(USER_LIBRARY_DIR)/Developer/Xcode/DerivedData/Aquifer-brwmwepzjstykkfhhbkqzifdsmkt/Build/Products/Debug",
				);
				GCC_NO_COMMON_BLOCKS = YES;
				GCC_PREPROCESSOR_DEFINITIONS = (
					"DEBUG=1",
					"$(inherited)",
				);
				INFOPLIST_FILE = AquiferTests/Info.plist;
				IPHONEOS_DEPLOYMENT_TARGET = 8.4;
				LD_RUNPATH_SEARCH_PATHS = "$(inherited) @executable_path/Frameworks @loader_path/Frameworks";
				PRODUCT_BUNDLE_IDENTIFIER = "com.github.typelift.$(PRODUCT_NAME:rfc1034identifier)";
				PRODUCT_MODULE_NAME = AquiferTests;
				PRODUCT_NAME = AquiferTests;
				SDKROOT = iphoneos;
				SWIFT_VERSION = 3.0;
			};
			name = Debug;
		};
		11F032231B0BFF83004C6D59 /* Release */ = {
			isa = XCBuildConfiguration;
			buildSettings = {
				APPLICATION_EXTENSION_API_ONLY = NO;
				"CODE_SIGN_IDENTITY[sdk=iphoneos*]" = "iPhone Developer";
				FRAMEWORK_SEARCH_PATHS = (
					"$(SDKROOT)/Developer/Library/Frameworks",
					"$(inherited)",
					"$(USER_LIBRARY_DIR)/Developer/Xcode/DerivedData/Aquifer-brwmwepzjstykkfhhbkqzifdsmkt/Build/Products/Debug",
				);
				GCC_NO_COMMON_BLOCKS = YES;
				INFOPLIST_FILE = AquiferTests/Info.plist;
				IPHONEOS_DEPLOYMENT_TARGET = 8.4;
				LD_RUNPATH_SEARCH_PATHS = "$(inherited) @executable_path/Frameworks @loader_path/Frameworks";
				PRODUCT_BUNDLE_IDENTIFIER = "com.github.typelift.$(PRODUCT_NAME:rfc1034identifier)";
				PRODUCT_MODULE_NAME = AquiferTests;
				PRODUCT_NAME = AquiferTests;
				SDKROOT = iphoneos;
				SWIFT_VERSION = 3.0;
				VALIDATE_PRODUCT = YES;
			};
			name = Release;
		};
		8240CE8D1C3A4C2D00EF4D29 /* Debug */ = {
			isa = XCBuildConfiguration;
			buildSettings = {
				"CODE_SIGN_IDENTITY[sdk=appletvos*]" = "";
				DEBUG_INFORMATION_FORMAT = dwarf;
				DEFINES_MODULE = YES;
				DYLIB_COMPATIBILITY_VERSION = 1;
				DYLIB_CURRENT_VERSION = 1;
				DYLIB_INSTALL_NAME_BASE = "@rpath";
				GCC_NO_COMMON_BLOCKS = YES;
				INFOPLIST_FILE = Aquifer/Info.plist;
				INSTALL_PATH = "$(LOCAL_LIBRARY_DIR)/Frameworks";
				LD_RUNPATH_SEARCH_PATHS = "$(inherited) @executable_path/Frameworks @loader_path/Frameworks";
				PRODUCT_BUNDLE_IDENTIFIER = "com.typelift.Aquifer-tvOS";
				PRODUCT_NAME = Aquifer;
				SDKROOT = appletvos;
				SKIP_INSTALL = YES;
				SWIFT_VERSION = 3.0;
				TARGETED_DEVICE_FAMILY = 3;
				TVOS_DEPLOYMENT_TARGET = 9.1;
			};
			name = Debug;
		};
		8240CE8E1C3A4C2D00EF4D29 /* Release */ = {
			isa = XCBuildConfiguration;
			buildSettings = {
				"CODE_SIGN_IDENTITY[sdk=appletvos*]" = "";
				DEFINES_MODULE = YES;
				DYLIB_COMPATIBILITY_VERSION = 1;
				DYLIB_CURRENT_VERSION = 1;
				DYLIB_INSTALL_NAME_BASE = "@rpath";
				GCC_NO_COMMON_BLOCKS = YES;
				INFOPLIST_FILE = Aquifer/Info.plist;
				INSTALL_PATH = "$(LOCAL_LIBRARY_DIR)/Frameworks";
				LD_RUNPATH_SEARCH_PATHS = "$(inherited) @executable_path/Frameworks @loader_path/Frameworks";
				PRODUCT_BUNDLE_IDENTIFIER = "com.typelift.Aquifer-tvOS";
				PRODUCT_NAME = Aquifer;
				SDKROOT = appletvos;
				SKIP_INSTALL = YES;
				SWIFT_VERSION = 3.0;
				TARGETED_DEVICE_FAMILY = 3;
				TVOS_DEPLOYMENT_TARGET = 9.1;
				VALIDATE_PRODUCT = YES;
			};
			name = Release;
		};
		8240CE8F1C3A4C2D00EF4D29 /* Debug */ = {
			isa = XCBuildConfiguration;
			buildSettings = {
				APPLICATION_EXTENSION_API_ONLY = NO;
				DEBUG_INFORMATION_FORMAT = dwarf;
				GCC_NO_COMMON_BLOCKS = YES;
				INFOPLIST_FILE = AquiferTests/Info.plist;
				LD_RUNPATH_SEARCH_PATHS = "$(inherited) @executable_path/Frameworks @loader_path/Frameworks";
				PRODUCT_BUNDLE_IDENTIFIER = "com.typelift.Aquifer-tvOSTests";
				PRODUCT_NAME = "$(TARGET_NAME)";
				SDKROOT = appletvos;
				SWIFT_VERSION = 3.0;
				TVOS_DEPLOYMENT_TARGET = 9.1;
			};
			name = Debug;
		};
		8240CE901C3A4C2D00EF4D29 /* Release */ = {
			isa = XCBuildConfiguration;
			buildSettings = {
				APPLICATION_EXTENSION_API_ONLY = NO;
				GCC_NO_COMMON_BLOCKS = YES;
				INFOPLIST_FILE = AquiferTests/Info.plist;
				LD_RUNPATH_SEARCH_PATHS = "$(inherited) @executable_path/Frameworks @loader_path/Frameworks";
				PRODUCT_BUNDLE_IDENTIFIER = "com.typelift.Aquifer-tvOSTests";
				PRODUCT_NAME = "$(TARGET_NAME)";
				SDKROOT = appletvos;
				SWIFT_VERSION = 3.0;
				TVOS_DEPLOYMENT_TARGET = 9.1;
				VALIDATE_PRODUCT = YES;
			};
			name = Release;
		};
		8240CEBC1C3A4C3600EF4D29 /* Debug */ = {
			isa = XCBuildConfiguration;
			buildSettings = {
				APPLICATION_EXTENSION_API_ONLY = YES;
				"CODE_SIGN_IDENTITY[sdk=watchos*]" = "";
				DEBUG_INFORMATION_FORMAT = dwarf;
				DEFINES_MODULE = YES;
				DYLIB_COMPATIBILITY_VERSION = 1;
				DYLIB_CURRENT_VERSION = 1;
				DYLIB_INSTALL_NAME_BASE = "@rpath";
				GCC_NO_COMMON_BLOCKS = YES;
				INFOPLIST_FILE = Aquifer/Info.plist;
				INSTALL_PATH = "$(LOCAL_LIBRARY_DIR)/Frameworks";
				LD_RUNPATH_SEARCH_PATHS = "$(inherited) @executable_path/Frameworks @loader_path/Frameworks";
				PRODUCT_BUNDLE_IDENTIFIER = "com.typelift.Aquifer-watchOS";
				PRODUCT_NAME = Aquifer;
				SDKROOT = watchos;
				SKIP_INSTALL = YES;
				SWIFT_VERSION = 3.0;
				TARGETED_DEVICE_FAMILY = 4;
				WATCHOS_DEPLOYMENT_TARGET = 2.1;
			};
			name = Debug;
		};
		8240CEBD1C3A4C3600EF4D29 /* Release */ = {
			isa = XCBuildConfiguration;
			buildSettings = {
				APPLICATION_EXTENSION_API_ONLY = YES;
				"CODE_SIGN_IDENTITY[sdk=watchos*]" = "";
				DEFINES_MODULE = YES;
				DYLIB_COMPATIBILITY_VERSION = 1;
				DYLIB_CURRENT_VERSION = 1;
				DYLIB_INSTALL_NAME_BASE = "@rpath";
				GCC_NO_COMMON_BLOCKS = YES;
				INFOPLIST_FILE = Aquifer/Info.plist;
				INSTALL_PATH = "$(LOCAL_LIBRARY_DIR)/Frameworks";
				LD_RUNPATH_SEARCH_PATHS = "$(inherited) @executable_path/Frameworks @loader_path/Frameworks";
				PRODUCT_BUNDLE_IDENTIFIER = "com.typelift.Aquifer-watchOS";
				PRODUCT_NAME = Aquifer;
				SDKROOT = watchos;
				SKIP_INSTALL = YES;
				SWIFT_VERSION = 3.0;
				TARGETED_DEVICE_FAMILY = 4;
				VALIDATE_PRODUCT = YES;
				WATCHOS_DEPLOYMENT_TARGET = 2.1;
			};
			name = Release;
		};
/* End XCBuildConfiguration section */

/* Begin XCConfigurationList section */
		11862CCB1A65FF66008F5696 /* Build configuration list for PBXProject "Aquifer" */ = {
			isa = XCConfigurationList;
			buildConfigurations = (
				11862CE51A65FF66008F5696 /* Debug */,
				11862CE61A65FF66008F5696 /* Release */,
			);
			defaultConfigurationIsVisible = 0;
			defaultConfigurationName = Release;
		};
		11862CE71A65FF66008F5696 /* Build configuration list for PBXNativeTarget "Aquifer" */ = {
			isa = XCConfigurationList;
			buildConfigurations = (
				11862CE81A65FF66008F5696 /* Debug */,
				11862CE91A65FF66008F5696 /* Release */,
			);
			defaultConfigurationIsVisible = 0;
			defaultConfigurationName = Release;
		};
		11862CEA1A65FF66008F5696 /* Build configuration list for PBXNativeTarget "AquiferTests" */ = {
			isa = XCConfigurationList;
			buildConfigurations = (
				11862CEB1A65FF66008F5696 /* Debug */,
				11862CEC1A65FF66008F5696 /* Release */,
			);
			defaultConfigurationIsVisible = 0;
			defaultConfigurationName = Release;
		};
		11F0321E1B0BFF83004C6D59 /* Build configuration list for PBXNativeTarget "Aquifer-iOS" */ = {
			isa = XCConfigurationList;
			buildConfigurations = (
				11F0321F1B0BFF83004C6D59 /* Debug */,
				11F032201B0BFF83004C6D59 /* Release */,
			);
			defaultConfigurationIsVisible = 0;
			defaultConfigurationName = Release;
		};
		11F032211B0BFF83004C6D59 /* Build configuration list for PBXNativeTarget "Aquifer-iOSTests" */ = {
			isa = XCConfigurationList;
			buildConfigurations = (
				11F032221B0BFF83004C6D59 /* Debug */,
				11F032231B0BFF83004C6D59 /* Release */,
			);
			defaultConfigurationIsVisible = 0;
			defaultConfigurationName = Release;
		};
		8240CEAF1C3A4C2D00EF4D29 /* Build configuration list for PBXNativeTarget "Aquifer-tvOS" */ = {
			isa = XCConfigurationList;
			buildConfigurations = (
				8240CE8D1C3A4C2D00EF4D29 /* Debug */,
				8240CE8E1C3A4C2D00EF4D29 /* Release */,
			);
			defaultConfigurationIsVisible = 0;
			defaultConfigurationName = Release;
		};
		8240CEB01C3A4C2D00EF4D29 /* Build configuration list for PBXNativeTarget "Aquifer-tvOSTests" */ = {
			isa = XCConfigurationList;
			buildConfigurations = (
				8240CE8F1C3A4C2D00EF4D29 /* Debug */,
				8240CE901C3A4C2D00EF4D29 /* Release */,
			);
			defaultConfigurationIsVisible = 0;
			defaultConfigurationName = Release;
		};
		8240CEBB1C3A4C3600EF4D29 /* Build configuration list for PBXNativeTarget "Aquifer-watchOS" */ = {
			isa = XCConfigurationList;
			buildConfigurations = (
				8240CEBC1C3A4C3600EF4D29 /* Debug */,
				8240CEBD1C3A4C3600EF4D29 /* Release */,
			);
			defaultConfigurationIsVisible = 0;
			defaultConfigurationName = Release;
		};
/* End XCConfigurationList section */
	};
	rootObject = 11862CC81A65FF66008F5696 /* Project object */;
}
