// !$*UTF8*$!
{
	archiveVersion = 1;
	classes = {
	};
	objectVersion = 46;
	objects = {

/* Begin PBXBuildFile section */
		11862CDD1A65FF66008F5696 /* Aquifer.framework in Frameworks */ = {isa = PBXBuildFile; fileRef = 11862CD11A65FF66008F5696 /* Aquifer.framework */; };
		11862CE41A65FF66008F5696 /* AquiferTests.swift in Sources */ = {isa = PBXBuildFile; fileRef = 11862CE31A65FF66008F5696 /* AquiferTests.swift */; };
		11862CED1A65FF8F008F5696 /* Aquifer.h in Headers */ = {isa = PBXBuildFile; fileRef = 11862CD61A65FF66008F5696 /* Aquifer.h */; settings = {ATTRIBUTES = (Public, ); }; };
		11862CF11A660E37008F5696 /* Cartfile in Resources */ = {isa = PBXBuildFile; fileRef = 11862CF01A660E37008F5696 /* Cartfile */; };
/* End PBXBuildFile section */

/* Begin PBXContainerItemProxy section */
		11862CDE1A65FF66008F5696 /* PBXContainerItemProxy */ = {
			isa = PBXContainerItemProxy;
			containerPortal = 11862CC81A65FF66008F5696 /* Project object */;
			proxyType = 1;
			remoteGlobalIDString = 11862CD01A65FF66008F5696;
			remoteInfo = Aquifer;
		};
/* End PBXContainerItemProxy section */

/* Begin PBXFileReference section */
		11862CD11A65FF66008F5696 /* Aquifer.framework */ = {isa = PBXFileReference; explicitFileType = wrapper.framework; includeInIndex = 0; path = Aquifer.framework; sourceTree = BUILT_PRODUCTS_DIR; };
		11862CD51A65FF66008F5696 /* Info.plist */ = {isa = PBXFileReference; lastKnownFileType = text.plist.xml; path = Info.plist; sourceTree = "<group>"; };
		11862CD61A65FF66008F5696 /* Aquifer.h */ = {isa = PBXFileReference; lastKnownFileType = sourcecode.objj.h; path = Aquifer.h; sourceTree = "<group>"; };
		11862CDC1A65FF66008F5696 /* AquiferTests.xctest */ = {isa = PBXFileReference; explicitFileType = wrapper.cfbundle; includeInIndex = 0; path = AquiferTests.xctest; sourceTree = BUILT_PRODUCTS_DIR; };
		11862CE21A65FF66008F5696 /* Info.plist */ = {isa = PBXFileReference; lastKnownFileType = text.plist.xml; path = Info.plist; sourceTree = "<group>"; };
		11862CE31A65FF66008F5696 /* AquiferTests.swift */ = {isa = PBXFileReference; lastKnownFileType = sourcecode.swift; path = AquiferTests.swift; sourceTree = "<group>"; };
		11862CF01A660E37008F5696 /* Cartfile */ = {isa = PBXFileReference; fileEncoding = 4; lastKnownFileType = text; path = Cartfile; sourceTree = "<group>"; };
/* End PBXFileReference section */

/* Begin PBXFrameworksBuildPhase section */
		11862CCD1A65FF66008F5696 /* Frameworks */ = {
			isa = PBXFrameworksBuildPhase;
			buildActionMask = 2147483647;
			files = (
			);
			runOnlyForDeploymentPostprocessing = 0;
		};
		11862CD91A65FF66008F5696 /* Frameworks */ = {
			isa = PBXFrameworksBuildPhase;
			buildActionMask = 2147483647;
			files = (
				11862CDD1A65FF66008F5696 /* Aquifer.framework in Frameworks */,
			);
			runOnlyForDeploymentPostprocessing = 0;
		};
/* End PBXFrameworksBuildPhase section */

/* Begin PBXGroup section */
		11862CC71A65FF66008F5696 = {
			isa = PBXGroup;
			children = (
				11862CEF1A660DB0008F5696 /* Carthage Data */,
				11862CD31A65FF66008F5696 /* Aquifer */,
				11862CE01A65FF66008F5696 /* AquiferTests */,
				11862CD21A65FF66008F5696 /* Products */,
			);
			sourceTree = "<group>";
		};
		11862CD21A65FF66008F5696 /* Products */ = {
			isa = PBXGroup;
			children = (
				11862CD11A65FF66008F5696 /* Aquifer.framework */,
				11862CDC1A65FF66008F5696 /* AquiferTests.xctest */,
			);
			name = Products;
			sourceTree = "<group>";
		};
		11862CD31A65FF66008F5696 /* Aquifer */ = {
			isa = PBXGroup;
			children = (
				11862CD61A65FF66008F5696 /* Aquifer.h */,
				11862CD41A65FF66008F5696 /* Supporting Files */,
			);
			path = Aquifer;
			sourceTree = "<group>";
		};
		11862CD41A65FF66008F5696 /* Supporting Files */ = {
			isa = PBXGroup;
			children = (
				11862CD51A65FF66008F5696 /* Info.plist */,
			);
			name = "Supporting Files";
			sourceTree = "<group>";
		};
		11862CE01A65FF66008F5696 /* AquiferTests */ = {
			isa = PBXGroup;
			children = (
				11862CE31A65FF66008F5696 /* AquiferTests.swift */,
				11862CE11A65FF66008F5696 /* Supporting Files */,
			);
			path = AquiferTests;
			sourceTree = "<group>";
		};
		11862CE11A65FF66008F5696 /* Supporting Files */ = {
			isa = PBXGroup;
			children = (
				11862CE21A65FF66008F5696 /* Info.plist */,
			);
			name = "Supporting Files";
			sourceTree = "<group>";
		};
		11862CEF1A660DB0008F5696 /* Carthage Data */ = {
			isa = PBXGroup;
			children = (
				11862CF01A660E37008F5696 /* Cartfile */,
			);
			name = "Carthage Data";
			sourceTree = "<group>";
		};
/* End PBXGroup section */

/* Begin PBXHeadersBuildPhase section */
		11862CCE1A65FF66008F5696 /* Headers */ = {
			isa = PBXHeadersBuildPhase;
			buildActionMask = 2147483647;
			files = (
				11862CED1A65FF8F008F5696 /* Aquifer.h in Headers */,
			);
			runOnlyForDeploymentPostprocessing = 0;
		};
/* End PBXHeadersBuildPhase section */

/* Begin PBXNativeTarget section */
		11862CD01A65FF66008F5696 /* Aquifer */ = {
			isa = PBXNativeTarget;
			buildConfigurationList = 11862CE71A65FF66008F5696 /* Build configuration list for PBXNativeTarget "Aquifer" */;
			buildPhases = (
				11862CCC1A65FF66008F5696 /* Sources */,
				11862CCD1A65FF66008F5696 /* Frameworks */,
				11862CCE1A65FF66008F5696 /* Headers */,
				11862CCF1A65FF66008F5696 /* Resources */,
			);
			buildRules = (
			);
			dependencies = (
			);
			name = Aquifer;
			productName = Aquifer;
			productReference = 11862CD11A65FF66008F5696 /* Aquifer.framework */;
			productType = "com.apple.product-type.framework";
		};
		11862CDB1A65FF66008F5696 /* AquiferTests */ = {
			isa = PBXNativeTarget;
			buildConfigurationList = 11862CEA1A65FF66008F5696 /* Build configuration list for PBXNativeTarget "AquiferTests" */;
			buildPhases = (
				11862CD81A65FF66008F5696 /* Sources */,
				11862CD91A65FF66008F5696 /* Frameworks */,
				11862CDA1A65FF66008F5696 /* Resources */,
			);
			buildRules = (
			);
			dependencies = (
				11862CDF1A65FF66008F5696 /* PBXTargetDependency */,
			);
			name = AquiferTests;
			productName = AquiferTests;
			productReference = 11862CDC1A65FF66008F5696 /* AquiferTests.xctest */;
			productType = "com.apple.product-type.bundle.unit-test";
		};
/* End PBXNativeTarget section */

/* Begin PBXProject section */
		11862CC81A65FF66008F5696 /* Project object */ = {
			isa = PBXProject;
			attributes = {
				LastUpgradeCheck = 0620;
				ORGANIZATIONNAME = TypeLift;
				TargetAttributes = {
					11862CD01A65FF66008F5696 = {
						CreatedOnToolsVersion = 6.2;
					};
					11862CDB1A65FF66008F5696 = {
						CreatedOnToolsVersion = 6.2;
					};
				};
			};
			buildConfigurationList = 11862CCB1A65FF66008F5696 /* Build configuration list for PBXProject "Aquifer" */;
			compatibilityVersion = "Xcode 3.2";
			developmentRegion = English;
			hasScannedForEncodings = 0;
			knownRegions = (
				en,
			);
			mainGroup = 11862CC71A65FF66008F5696;
			productRefGroup = 11862CD21A65FF66008F5696 /* Products */;
			projectDirPath = "";
			projectRoot = "";
			targets = (
				11862CD01A65FF66008F5696 /* Aquifer */,
				11862CDB1A65FF66008F5696 /* AquiferTests */,
			);
		};
/* End PBXProject section */

/* Begin PBXResourcesBuildPhase section */
		11862CCF1A65FF66008F5696 /* Resources */ = {
			isa = PBXResourcesBuildPhase;
			buildActionMask = 2147483647;
			files = (
				11862CF11A660E37008F5696 /* Cartfile in Resources */,
			);
			runOnlyForDeploymentPostprocessing = 0;
		};
		11862CDA1A65FF66008F5696 /* Resources */ = {
			isa = PBXResourcesBuildPhase;
			buildActionMask = 2147483647;
			files = (
			);
			runOnlyForDeploymentPostprocessing = 0;
		};
/* End PBXResourcesBuildPhase section */

/* Begin PBXSourcesBuildPhase section */
		11862CCC1A65FF66008F5696 /* Sources */ = {
			isa = PBXSourcesBuildPhase;
			buildActionMask = 2147483647;
			files = (
			);
			runOnlyForDeploymentPostprocessing = 0;
		};
		11862CD81A65FF66008F5696 /* Sources */ = {
			isa = PBXSourcesBuildPhase;
			buildActionMask = 2147483647;
			files = (
				11862CE41A65FF66008F5696 /* AquiferTests.swift in Sources */,
			);
			runOnlyForDeploymentPostprocessing = 0;
		};
/* End PBXSourcesBuildPhase section */

/* Begin PBXTargetDependency section */
		11862CDF1A65FF66008F5696 /* PBXTargetDependency */ = {
			isa = PBXTargetDependency;
			target = 11862CD01A65FF66008F5696 /* Aquifer */;
			targetProxy = 11862CDE1A65FF66008F5696 /* PBXContainerItemProxy */;
		};
/* End PBXTargetDependency section */

/* Begin XCBuildConfiguration section */
		11862CE51A65FF66008F5696 /* Debug */ = {
			isa = XCBuildConfiguration;
			buildSettings = {
				ALWAYS_SEARCH_USER_PATHS = NO;
				CLANG_CXX_LANGUAGE_STANDARD = "gnu++0x";
				CLANG_CXX_LIBRARY = "libc++";
				CLANG_ENABLE_MODULES = YES;
				CLANG_ENABLE_OBJC_ARC = YES;
				CLANG_WARN_BOOL_CONVERSION = YES;
				CLANG_WARN_CONSTANT_CONVERSION = YES;
				CLANG_WARN_DIRECT_OBJC_ISA_USAGE = YES_ERROR;
				CLANG_WARN_EMPTY_BODY = YES;
				CLANG_WARN_ENUM_CONVERSION = YES;
				CLANG_WARN_INT_CONVERSION = YES;
				CLANG_WARN_OBJC_ROOT_CLASS = YES_ERROR;
				CLANG_WARN_UNREACHABLE_CODE = YES;
				CLANG_WARN__DUPLICATE_METHOD_MATCH = YES;
				COPY_PHASE_STRIP = NO;
				CURRENT_PROJECT_VERSION = 1;
				ENABLE_STRICT_OBJC_MSGSEND = YES;
				GCC_C_LANGUAGE_STANDARD = gnu99;
				GCC_DYNAMIC_NO_PIC = NO;
				GCC_OPTIMIZATION_LEVEL = 0;
				GCC_PREPROCESSOR_DEFINITIONS = (
					"DEBUG=1",
					"$(inherited)",
				);
				GCC_SYMBOLS_PRIVATE_EXTERN = NO;
				GCC_WARN_64_TO_32_BIT_CONVERSION = YES;
				GCC_WARN_ABOUT_RETURN_TYPE = YES_ERROR;
				GCC_WARN_UNDECLARED_SELECTOR = YES;
				GCC_WARN_UNINITIALIZED_AUTOS = YES_AGGRESSIVE;
				GCC_WARN_UNUSED_FUNCTION = YES;
				GCC_WARN_UNUSED_VARIABLE = YES;
				MACOSX_DEPLOYMENT_TARGET = 10.10;
				MTL_ENABLE_DEBUG_INFO = YES;
				ONLY_ACTIVE_ARCH = YES;
				SDKROOT = macosx;
				SWIFT_OPTIMIZATION_LEVEL = "-Onone";
				VERSIONING_SYSTEM = "apple-generic";
				VERSION_INFO_PREFIX = "";
			};
			name = Debug;
		};
		11862CE61A65FF66008F5696 /* Release */ = {
			isa = XCBuildConfiguration;
			buildSettings = {
				ALWAYS_SEARCH_USER_PATHS = NO;
				CLANG_CXX_LANGUAGE_STANDARD = "gnu++0x";
				CLANG_CXX_LIBRARY = "libc++";
				CLANG_ENABLE_MODULES = YES;
				CLANG_ENABLE_OBJC_ARC = YES;
				CLANG_WARN_BOOL_CONVERSION = YES;
				CLANG_WARN_CONSTANT_CONVERSION = YES;
				CLANG_WARN_DIRECT_OBJC_ISA_USAGE = YES_ERROR;
				CLANG_WARN_EMPTY_BODY = YES;
				CLANG_WARN_ENUM_CONVERSION = YES;
				CLANG_WARN_INT_CONVERSION = YES;
				CLANG_WARN_OBJC_ROOT_CLASS = YES_ERROR;
				CLANG_WARN_UNREACHABLE_CODE = YES;
				CLANG_WARN__DUPLICATE_METHOD_MATCH = YES;
				COPY_PHASE_STRIP = NO;
				CURRENT_PROJECT_VERSION = 1;
				DEBUG_INFORMATION_FORMAT = "dwarf-with-dsym";
				ENABLE_NS_ASSERTIONS = NO;
				ENABLE_STRICT_OBJC_MSGSEND = YES;
				GCC_C_LANGUAGE_STANDARD = gnu99;
				GCC_WARN_64_TO_32_BIT_CONVERSION = YES;
				GCC_WARN_ABOUT_RETURN_TYPE = YES_ERROR;
				GCC_WARN_UNDECLARED_SELECTOR = YES;
				GCC_WARN_UNINITIALIZED_AUTOS = YES_AGGRESSIVE;
				GCC_WARN_UNUSED_FUNCTION = YES;
				GCC_WARN_UNUSED_VARIABLE = YES;
				MACOSX_DEPLOYMENT_TARGET = 10.10;
				MTL_ENABLE_DEBUG_INFO = NO;
				SDKROOT = macosx;
				VERSIONING_SYSTEM = "apple-generic";
				VERSION_INFO_PREFIX = "";
			};
			name = Release;
		};
		11862CE81A65FF66008F5696 /* Debug */ = {
			isa = XCBuildConfiguration;
			buildSettings = {
				COMBINE_HIDPI_IMAGES = YES;
				DEFINES_MODULE = YES;
				DYLIB_COMPATIBILITY_VERSION = 1;
				DYLIB_CURRENT_VERSION = 1;
				DYLIB_INSTALL_NAME_BASE = "@rpath";
				FRAMEWORK_VERSION = A;
				INFOPLIST_FILE = Aquifer/Info.plist;
				INSTALL_PATH = "$(LOCAL_LIBRARY_DIR)/Frameworks";
				LD_RUNPATH_SEARCH_PATHS = "$(inherited) @executable_path/../Frameworks @loader_path/Frameworks";
				PRODUCT_NAME = "$(TARGET_NAME)";
				SKIP_INSTALL = YES;
			};
			name = Debug;
		};
		11862CE91A65FF66008F5696 /* Release */ = {
			isa = XCBuildConfiguration;
			buildSettings = {
				COMBINE_HIDPI_IMAGES = YES;
				DEFINES_MODULE = YES;
				DYLIB_COMPATIBILITY_VERSION = 1;
				DYLIB_CURRENT_VERSION = 1;
				DYLIB_INSTALL_NAME_BASE = "@rpath";
				FRAMEWORK_VERSION = A;
				INFOPLIST_FILE = Aquifer/Info.plist;
				INSTALL_PATH = "$(LOCAL_LIBRARY_DIR)/Frameworks";
				LD_RUNPATH_SEARCH_PATHS = "$(inherited) @executable_path/../Frameworks @loader_path/Frameworks";
				PRODUCT_NAME = "$(TARGET_NAME)";
				SKIP_INSTALL = YES;
			};
			name = Release;
		};
		11862CEB1A65FF66008F5696 /* Debug */ = {
			isa = XCBuildConfiguration;
			buildSettings = {
				COMBINE_HIDPI_IMAGES = YES;
				FRAMEWORK_SEARCH_PATHS = (
					"$(DEVELOPER_FRAMEWORKS_DIR)",
					"$(inherited)",
				);
				GCC_PREPROCESSOR_DEFINITIONS = (
					"DEBUG=1",
					"$(inherited)",
				);
				INFOPLIST_FILE = AquiferTests/Info.plist;
				LD_RUNPATH_SEARCH_PATHS = "$(inherited) @executable_path/../Frameworks @loader_path/../Frameworks";
				PRODUCT_NAME = "$(TARGET_NAME)";
			};
			name = Debug;
		};
		11862CEC1A65FF66008F5696 /* Release */ = {
			isa = XCBuildConfiguration;
			buildSettings = {
				COMBINE_HIDPI_IMAGES = YES;
				FRAMEWORK_SEARCH_PATHS = (
					"$(DEVELOPER_FRAMEWORKS_DIR)",
					"$(inherited)",
				);
				INFOPLIST_FILE = AquiferTests/Info.plist;
				LD_RUNPATH_SEARCH_PATHS = "$(inherited) @executable_path/../Frameworks @loader_path/../Frameworks";
				PRODUCT_NAME = "$(TARGET_NAME)";
			};
			name = Release;
		};
/* End XCBuildConfiguration section */

/* Begin XCConfigurationList section */
		11862CCB1A65FF66008F5696 /* Build configuration list for PBXProject "Aquifer" */ = {
			isa = XCConfigurationList;
			buildConfigurations = (
				11862CE51A65FF66008F5696 /* Debug */,
				11862CE61A65FF66008F5696 /* Release */,
			);
			defaultConfigurationIsVisible = 0;
			defaultConfigurationName = Release;
		};
		11862CE71A65FF66008F5696 /* Build configuration list for PBXNativeTarget "Aquifer" */ = {
			isa = XCConfigurationList;
			buildConfigurations = (
				11862CE81A65FF66008F5696 /* Debug */,
				11862CE91A65FF66008F5696 /* Release */,
			);
			defaultConfigurationIsVisible = 0;
		};
		11862CEA1A65FF66008F5696 /* Build configuration list for PBXNativeTarget "AquiferTests" */ = {
			isa = XCConfigurationList;
			buildConfigurations = (
				11862CEB1A65FF66008F5696 /* Debug */,
				11862CEC1A65FF66008F5696 /* Release */,
			);
			defaultConfigurationIsVisible = 0;
		};
/* End XCConfigurationList section */
	};
	rootObject = 11862CC81A65FF66008F5696 /* Project object */;
}
